Microsoft Visual Studio Solution File, Format Version 10.00
# Visual Studio 2008
Project("{8BC9CEB8-8B4A-11D0-8D11-00A0C91BC942}") = "ALL_BUILD", "ALL_BUILD.vcproj", "{20F691F8-C53F-47C0-8E54-BDFC7D83F5D1}"
	ProjectSection(ProjectDependencies) = postProject
		{6EF742F2-F632-432F-A551-F699E7694208} = {6EF742F2-F632-432F-A551-F699E7694208}
		{5AEF8B4A-0B37-4601-94A5-C7DCA714B69B} = {5AEF8B4A-0B37-4601-94A5-C7DCA714B69B}
		{D70DD6E3-0E06-488F-BBC1-C2D70B093AB1} = {D70DD6E3-0E06-488F-BBC1-C2D70B093AB1}
		{CCF12506-8AA3-408F-BA73-0B04AC2C865D} = {CCF12506-8AA3-408F-BA73-0B04AC2C865D}
		{7C103A77-A986-4A8E-B424-9E136C2F9CE2} = {7C103A77-A986-4A8E-B424-9E136C2F9CE2}
		{760C9B0F-E137-4360-B8DE-E3F959FE7074} = {760C9B0F-E137-4360-B8DE-E3F959FE7074}
		{DF91D60E-2740-4269-8A4E-F3E612B98FC3} = {DF91D60E-2740-4269-8A4E-F3E612B98FC3}
		{C8159276-AECA-4205-A53A-025E2883255E} = {C8159276-AECA-4205-A53A-025E2883255E}
		{10CE522F-B672-446B-8E2F-9571A7DE87E7} = {10CE522F-B672-446B-8E2F-9571A7DE87E7}
		{49434DB1-FB22-4B14-AA45-7712AA88C4CB} = {49434DB1-FB22-4B14-AA45-7712AA88C4CB}
		{AE06419A-84CA-4BAE-B433-BA0A0F1A554A} = {AE06419A-84CA-4BAE-B433-BA0A0F1A554A}
		{2E2F83F2-4E1F-44D3-846C-DB333128A444} = {2E2F83F2-4E1F-44D3-846C-DB333128A444}
		{A61318E0-9CEA-4EBE-93FF-F147885AEA50} = {A61318E0-9CEA-4EBE-93FF-F147885AEA50}
		{6117C562-4DDE-4608-81D1-23412B8B56DF} = {6117C562-4DDE-4608-81D1-23412B8B56DF}
		{016B534A-7575-437E-A1AA-420A8FDEBBE3} = {016B534A-7575-437E-A1AA-420A8FDEBBE3}
		{39AF6707-B052-495F-B7A1-D0974FD4B07D} = {39AF6707-B052-495F-B7A1-D0974FD4B07D}
		{088AE20C-ED0A-48B8-B843-417AAF0A880A} = {088AE20C-ED0A-48B8-B843-417AAF0A880A}
		{85D9F5E6-0AC8-4780-B23A-8DE6DC557732} = {85D9F5E6-0AC8-4780-B23A-8DE6DC557732}
		{F4EEB147-FD7A-457E-9391-9C6DD745DB72} = {F4EEB147-FD7A-457E-9391-9C6DD745DB72}
		{5108376A-F770-434E-9FCF-6896FD699006} = {5108376A-F770-434E-9FCF-6896FD699006}
		{62A240C5-61FB-4D85-8550-0C59C379F291} = {62A240C5-61FB-4D85-8550-0C59C379F291}
		{2BE835D6-9D49-4BEA-8DA9-9CC00D6D9986} = {2BE835D6-9D49-4BEA-8DA9-9CC00D6D9986}
		{DBCEE0CF-C8C3-4E58-AB72-DA3530D89E3A} = {DBCEE0CF-C8C3-4E58-AB72-DA3530D89E3A}
		{51847D05-7E00-4C3D-9C8C-64C0DAEB67AB} = {51847D05-7E00-4C3D-9C8C-64C0DAEB67AB}
		{DB29B7F2-46B4-4BAB-9D7E-D08EF38A4B4E} = {DB29B7F2-46B4-4BAB-9D7E-D08EF38A4B4E}
		{255EBE96-94A2-4C5E-B359-9708CE02B4B1} = {255EBE96-94A2-4C5E-B359-9708CE02B4B1}
		{5E5BABBF-C340-4087-9721-C2A4629B79F1} = {5E5BABBF-C340-4087-9721-C2A4629B79F1}
		{E6FBAC46-6448-44A9-9E82-F401D0F66D37} = {E6FBAC46-6448-44A9-9E82-F401D0F66D37}
		{73081B2E-2FDD-46A0-B61D-0DAD54C886CF} = {73081B2E-2FDD-46A0-B61D-0DAD54C886CF}
		{6E6601B1-0E1E-459F-8D07-EC0377AD3CB5} = {6E6601B1-0E1E-459F-8D07-EC0377AD3CB5}
		{3F4E64C0-C9F7-4CA1-8D45-934F4262CA11} = {3F4E64C0-C9F7-4CA1-8D45-934F4262CA11}
		{9C70AF9F-54B7-4C8A-99E2-39F2A4455775} = {9C70AF9F-54B7-4C8A-99E2-39F2A4455775}
		{3ABBF52F-F5D9-4546-833A-1F7BD06FCB11} = {3ABBF52F-F5D9-4546-833A-1F7BD06FCB11}
		{605ED2ED-6496-4755-BD88-B1E62C138995} = {605ED2ED-6496-4755-BD88-B1E62C138995}
		{3F211CBA-05D8-4F28-94F0-3840C23F443D} = {3F211CBA-05D8-4F28-94F0-3840C23F443D}
		{A3781028-2D5E-456E-8DB8-A6CAADF7707D} = {A3781028-2D5E-456E-8DB8-A6CAADF7707D}
		{929F2B34-5B91-41EB-8406-5728F4C84C2B} = {929F2B34-5B91-41EB-8406-5728F4C84C2B}
		{20A5A0F8-D29F-455F-B1F5-B6826ECF22B1} = {20A5A0F8-D29F-455F-B1F5-B6826ECF22B1}
		{3F8F9AE8-BA74-460C-AFE2-F170F10B21F2} = {3F8F9AE8-BA74-460C-AFE2-F170F10B21F2}
		{30F69955-0C97-4556-B462-1EED97645214} = {30F69955-0C97-4556-B462-1EED97645214}
		{6509CC4B-95CE-4E0F-88FA-02D6166307EE} = {6509CC4B-95CE-4E0F-88FA-02D6166307EE}
		{ECAE6150-463F-450F-A6FE-26FEA019849C} = {ECAE6150-463F-450F-A6FE-26FEA019849C}
		{AB8E2126-3E36-4BC4-BB2A-DAAC651125C3} = {AB8E2126-3E36-4BC4-BB2A-DAAC651125C3}
		{DBC656AE-91C6-460E-9C95-9FC8F0035272} = {DBC656AE-91C6-460E-9C95-9FC8F0035272}
		{5126B7E4-9B34-4E77-8071-88247A4A2400} = {5126B7E4-9B34-4E77-8071-88247A4A2400}
		{3FCE3E61-895F-4E96-8B71-9FF3A011E25E} = {3FCE3E61-895F-4E96-8B71-9FF3A011E25E}
		{31F8F96D-D177-4A67-93EB-576A675AAC19} = {31F8F96D-D177-4A67-93EB-576A675AAC19}
		{4AA105BF-88E6-46BD-BD20-AD51A8CD5A89} = {4AA105BF-88E6-46BD-BD20-AD51A8CD5A89}
		{A89DD91A-01C5-4C50-A645-A33F6A7D6B3C} = {A89DD91A-01C5-4C50-A645-A33F6A7D6B3C}
		{3866FC3B-7DD6-4771-9508-074A1B55BCB1} = {3866FC3B-7DD6-4771-9508-074A1B55BCB1}
		{4EAE0E16-B194-471E-AB0F-D7CAAEA0E27D} = {4EAE0E16-B194-471E-AB0F-D7CAAEA0E27D}
		{0E79B540-4B17-4236-98BB-14BC5A07D4E0} = {0E79B540-4B17-4236-98BB-14BC5A07D4E0}
		{A8983805-7A74-4E9D-897E-27BCC20FBA4F} = {A8983805-7A74-4E9D-897E-27BCC20FBA4F}
		{C6FF3076-DE98-43DF-94BD-E0226CA21AA1} = {C6FF3076-DE98-43DF-94BD-E0226CA21AA1}
		{51EAE3D2-24D5-46D6-8A61-D62D25859CDA} = {51EAE3D2-24D5-46D6-8A61-D62D25859CDA}
	EndProjectSection
EndProject
Project("{8BC9CEB8-8B4A-11D0-8D11-00A0C91BC942}") = "INSTALL", "INSTALL.vcproj", "{66ADE48B-1AA9-4278-B738-AC7050EC33F2}"
	ProjectSection(ProjectDependencies) = postProject
		{20F691F8-C53F-47C0-8E54-BDFC7D83F5D1} = {20F691F8-C53F-47C0-8E54-BDFC7D83F5D1}
	EndProjectSection
EndProject
Project("{8BC9CEB8-8B4A-11D0-8D11-00A0C91BC942}") = "IlmImf", "3rdparty\openexr\IlmImf.vcproj", "{6EF742F2-F632-432F-A551-F699E7694208}"
	ProjectSection(ProjectDependencies) = postProject
		{5AEF8B4A-0B37-4601-94A5-C7DCA714B69B} = {5AEF8B4A-0B37-4601-94A5-C7DCA714B69B}
		{51EAE3D2-24D5-46D6-8A61-D62D25859CDA} = {51EAE3D2-24D5-46D6-8A61-D62D25859CDA}
	EndProjectSection
EndProject
Project("{8BC9CEB8-8B4A-11D0-8D11-00A0C91BC942}") = "PACKAGE", "PACKAGE.vcproj", "{C30387F6-0931-491D-A49F-67090DC05387}"
	ProjectSection(ProjectDependencies) = postProject
		{20F691F8-C53F-47C0-8E54-BDFC7D83F5D1} = {20F691F8-C53F-47C0-8E54-BDFC7D83F5D1}
	EndProjectSection
EndProject
Project("{8BC9CEB8-8B4A-11D0-8D11-00A0C91BC942}") = "ZERO_CHECK", "ZERO_CHECK.vcproj", "{5AEF8B4A-0B37-4601-94A5-C7DCA714B69B}"
	ProjectSection(ProjectDependencies) = postProject
	EndProjectSection
EndProject
Project("{8BC9CEB8-8B4A-11D0-8D11-00A0C91BC942}") = "libjasper", "3rdparty\libjasper\libjasper.vcproj", "{D70DD6E3-0E06-488F-BBC1-C2D70B093AB1}"
	ProjectSection(ProjectDependencies) = postProject
		{5AEF8B4A-0B37-4601-94A5-C7DCA714B69B} = {5AEF8B4A-0B37-4601-94A5-C7DCA714B69B}
	EndProjectSection
EndProject
Project("{8BC9CEB8-8B4A-11D0-8D11-00A0C91BC942}") = "libjpeg", "3rdparty\libjpeg\libjpeg.vcproj", "{CCF12506-8AA3-408F-BA73-0B04AC2C865D}"
	ProjectSection(ProjectDependencies) = postProject
		{5AEF8B4A-0B37-4601-94A5-C7DCA714B69B} = {5AEF8B4A-0B37-4601-94A5-C7DCA714B69B}
	EndProjectSection
EndProject
Project("{8BC9CEB8-8B4A-11D0-8D11-00A0C91BC942}") = "libpng", "3rdparty\libpng\libpng.vcproj", "{7C103A77-A986-4A8E-B424-9E136C2F9CE2}"
	ProjectSection(ProjectDependencies) = postProject
		{5AEF8B4A-0B37-4601-94A5-C7DCA714B69B} = {5AEF8B4A-0B37-4601-94A5-C7DCA714B69B}
		{51EAE3D2-24D5-46D6-8A61-D62D25859CDA} = {51EAE3D2-24D5-46D6-8A61-D62D25859CDA}
	EndProjectSection
EndProject
Project("{8BC9CEB8-8B4A-11D0-8D11-00A0C91BC942}") = "libtiff", "3rdparty\libtiff\libtiff.vcproj", "{760C9B0F-E137-4360-B8DE-E3F959FE7074}"
	ProjectSection(ProjectDependencies) = postProject
		{5AEF8B4A-0B37-4601-94A5-C7DCA714B69B} = {5AEF8B4A-0B37-4601-94A5-C7DCA714B69B}
		{51EAE3D2-24D5-46D6-8A61-D62D25859CDA} = {51EAE3D2-24D5-46D6-8A61-D62D25859CDA}
	EndProjectSection
EndProject
Project("{8BC9CEB8-8B4A-11D0-8D11-00A0C91BC942}") = "libwebp", "3rdparty\libwebp\libwebp.vcproj", "{DF91D60E-2740-4269-8A4E-F3E612B98FC3}"
	ProjectSection(ProjectDependencies) = postProject
		{5AEF8B4A-0B37-4601-94A5-C7DCA714B69B} = {5AEF8B4A-0B37-4601-94A5-C7DCA714B69B}
	EndProjectSection
EndProject
Project("{8BC9CEB8-8B4A-11D0-8D11-00A0C91BC942}") = "opencv_annotation", "apps\annotation\opencv_annotation.vcproj", "{C8159276-AECA-4205-A53A-025E2883255E}"
	ProjectSection(ProjectDependencies) = postProject
		{5AEF8B4A-0B37-4601-94A5-C7DCA714B69B} = {5AEF8B4A-0B37-4601-94A5-C7DCA714B69B}
		{49434DB1-FB22-4B14-AA45-7712AA88C4CB} = {49434DB1-FB22-4B14-AA45-7712AA88C4CB}
		{6117C562-4DDE-4608-81D1-23412B8B56DF} = {6117C562-4DDE-4608-81D1-23412B8B56DF}
		{016B534A-7575-437E-A1AA-420A8FDEBBE3} = {016B534A-7575-437E-A1AA-420A8FDEBBE3}
		{39AF6707-B052-495F-B7A1-D0974FD4B07D} = {39AF6707-B052-495F-B7A1-D0974FD4B07D}
		{088AE20C-ED0A-48B8-B843-417AAF0A880A} = {088AE20C-ED0A-48B8-B843-417AAF0A880A}
		{A8983805-7A74-4E9D-897E-27BCC20FBA4F} = {A8983805-7A74-4E9D-897E-27BCC20FBA4F}
	EndProjectSection
EndProject
Project("{8BC9CEB8-8B4A-11D0-8D11-00A0C91BC942}") = "opencv_calib3d", "modules\calib3d\opencv_calib3d.vcproj", "{10CE522F-B672-446B-8E2F-9571A7DE87E7}"
	ProjectSection(ProjectDependencies) = postProject
		{5AEF8B4A-0B37-4601-94A5-C7DCA714B69B} = {5AEF8B4A-0B37-4601-94A5-C7DCA714B69B}
		{49434DB1-FB22-4B14-AA45-7712AA88C4CB} = {49434DB1-FB22-4B14-AA45-7712AA88C4CB}
		{2E2F83F2-4E1F-44D3-846C-DB333128A444} = {2E2F83F2-4E1F-44D3-846C-DB333128A444}
		{A61318E0-9CEA-4EBE-93FF-F147885AEA50} = {A61318E0-9CEA-4EBE-93FF-F147885AEA50}
		{6117C562-4DDE-4608-81D1-23412B8B56DF} = {6117C562-4DDE-4608-81D1-23412B8B56DF}
		{016B534A-7575-437E-A1AA-420A8FDEBBE3} = {016B534A-7575-437E-A1AA-420A8FDEBBE3}
		{39AF6707-B052-495F-B7A1-D0974FD4B07D} = {39AF6707-B052-495F-B7A1-D0974FD4B07D}
		{088AE20C-ED0A-48B8-B843-417AAF0A880A} = {088AE20C-ED0A-48B8-B843-417AAF0A880A}
		{85D9F5E6-0AC8-4780-B23A-8DE6DC557732} = {85D9F5E6-0AC8-4780-B23A-8DE6DC557732}
		{A8983805-7A74-4E9D-897E-27BCC20FBA4F} = {A8983805-7A74-4E9D-897E-27BCC20FBA4F}
	EndProjectSection
EndProject
Project("{8BC9CEB8-8B4A-11D0-8D11-00A0C91BC942}") = "opencv_calib3d_object", "modules\calib3d\opencv_calib3d_object.vcproj", "{13A82383-3C94-4498-B199-D60EE4F75391}"
	ProjectSection(ProjectDependencies) = postProject
		{5AEF8B4A-0B37-4601-94A5-C7DCA714B69B} = {5AEF8B4A-0B37-4601-94A5-C7DCA714B69B}
	EndProjectSection
EndProject
Project("{8BC9CEB8-8B4A-11D0-8D11-00A0C91BC942}") = "opencv_core", "modules\core\opencv_core.vcproj", "{49434DB1-FB22-4B14-AA45-7712AA88C4CB}"
	ProjectSection(ProjectDependencies) = postProject
		{5AEF8B4A-0B37-4601-94A5-C7DCA714B69B} = {5AEF8B4A-0B37-4601-94A5-C7DCA714B69B}
		{6117C562-4DDE-4608-81D1-23412B8B56DF} = {6117C562-4DDE-4608-81D1-23412B8B56DF}
		{51EAE3D2-24D5-46D6-8A61-D62D25859CDA} = {51EAE3D2-24D5-46D6-8A61-D62D25859CDA}
	EndProjectSection
EndProject
Project("{8BC9CEB8-8B4A-11D0-8D11-00A0C91BC942}") = "opencv_core_object", "modules\core\opencv_core_object.vcproj", "{912D5B39-01E0-4604-8AC8-9296532C2B55}"
	ProjectSection(ProjectDependencies) = postProject
		{5AEF8B4A-0B37-4601-94A5-C7DCA714B69B} = {5AEF8B4A-0B37-4601-94A5-C7DCA714B69B}
	EndProjectSection
EndProject
Project("{8BC9CEB8-8B4A-11D0-8D11-00A0C91BC942}") = "opencv_createsamples", "apps\createsamples\opencv_createsamples.vcproj", "{AE06419A-84CA-4BAE-B433-BA0A0F1A554A}"
	ProjectSection(ProjectDependencies) = postProject
		{5AEF8B4A-0B37-4601-94A5-C7DCA714B69B} = {5AEF8B4A-0B37-4601-94A5-C7DCA714B69B}
		{10CE522F-B672-446B-8E2F-9571A7DE87E7} = {10CE522F-B672-446B-8E2F-9571A7DE87E7}
		{49434DB1-FB22-4B14-AA45-7712AA88C4CB} = {49434DB1-FB22-4B14-AA45-7712AA88C4CB}
		{2E2F83F2-4E1F-44D3-846C-DB333128A444} = {2E2F83F2-4E1F-44D3-846C-DB333128A444}
		{A61318E0-9CEA-4EBE-93FF-F147885AEA50} = {A61318E0-9CEA-4EBE-93FF-F147885AEA50}
		{6117C562-4DDE-4608-81D1-23412B8B56DF} = {6117C562-4DDE-4608-81D1-23412B8B56DF}
		{016B534A-7575-437E-A1AA-420A8FDEBBE3} = {016B534A-7575-437E-A1AA-420A8FDEBBE3}
		{39AF6707-B052-495F-B7A1-D0974FD4B07D} = {39AF6707-B052-495F-B7A1-D0974FD4B07D}
		{088AE20C-ED0A-48B8-B843-417AAF0A880A} = {088AE20C-ED0A-48B8-B843-417AAF0A880A}
		{85D9F5E6-0AC8-4780-B23A-8DE6DC557732} = {85D9F5E6-0AC8-4780-B23A-8DE6DC557732}
		{F4EEB147-FD7A-457E-9391-9C6DD745DB72} = {F4EEB147-FD7A-457E-9391-9C6DD745DB72}
		{A8983805-7A74-4E9D-897E-27BCC20FBA4F} = {A8983805-7A74-4E9D-897E-27BCC20FBA4F}
	EndProjectSection
EndProject
Project("{8BC9CEB8-8B4A-11D0-8D11-00A0C91BC942}") = "opencv_features2d", "modules\features2d\opencv_features2d.vcproj", "{2E2F83F2-4E1F-44D3-846C-DB333128A444}"
	ProjectSection(ProjectDependencies) = postProject
		{5AEF8B4A-0B37-4601-94A5-C7DCA714B69B} = {5AEF8B4A-0B37-4601-94A5-C7DCA714B69B}
		{49434DB1-FB22-4B14-AA45-7712AA88C4CB} = {49434DB1-FB22-4B14-AA45-7712AA88C4CB}
		{A61318E0-9CEA-4EBE-93FF-F147885AEA50} = {A61318E0-9CEA-4EBE-93FF-F147885AEA50}
		{6117C562-4DDE-4608-81D1-23412B8B56DF} = {6117C562-4DDE-4608-81D1-23412B8B56DF}
		{016B534A-7575-437E-A1AA-420A8FDEBBE3} = {016B534A-7575-437E-A1AA-420A8FDEBBE3}
		{39AF6707-B052-495F-B7A1-D0974FD4B07D} = {39AF6707-B052-495F-B7A1-D0974FD4B07D}
		{088AE20C-ED0A-48B8-B843-417AAF0A880A} = {088AE20C-ED0A-48B8-B843-417AAF0A880A}
		{85D9F5E6-0AC8-4780-B23A-8DE6DC557732} = {85D9F5E6-0AC8-4780-B23A-8DE6DC557732}
		{A8983805-7A74-4E9D-897E-27BCC20FBA4F} = {A8983805-7A74-4E9D-897E-27BCC20FBA4F}
	EndProjectSection
EndProject
Project("{8BC9CEB8-8B4A-11D0-8D11-00A0C91BC942}") = "opencv_features2d_object", "modules\features2d\opencv_features2d_object.vcproj", "{B5F064AB-4E99-4CBA-9F93-C4691977F812}"
	ProjectSection(ProjectDependencies) = postProject
		{5AEF8B4A-0B37-4601-94A5-C7DCA714B69B} = {5AEF8B4A-0B37-4601-94A5-C7DCA714B69B}
	EndProjectSection
EndProject
Project("{8BC9CEB8-8B4A-11D0-8D11-00A0C91BC942}") = "opencv_flann", "modules\flann\opencv_flann.vcproj", "{A61318E0-9CEA-4EBE-93FF-F147885AEA50}"
	ProjectSection(ProjectDependencies) = postProject
		{5AEF8B4A-0B37-4601-94A5-C7DCA714B69B} = {5AEF8B4A-0B37-4601-94A5-C7DCA714B69B}
		{49434DB1-FB22-4B14-AA45-7712AA88C4CB} = {49434DB1-FB22-4B14-AA45-7712AA88C4CB}
		{6117C562-4DDE-4608-81D1-23412B8B56DF} = {6117C562-4DDE-4608-81D1-23412B8B56DF}
	EndProjectSection
EndProject
Project("{8BC9CEB8-8B4A-11D0-8D11-00A0C91BC942}") = "opencv_flann_object", "modules\flann\opencv_flann_object.vcproj", "{D983DF01-9453-4977-B087-1767FE638EE0}"
	ProjectSection(ProjectDependencies) = postProject
		{5AEF8B4A-0B37-4601-94A5-C7DCA714B69B} = {5AEF8B4A-0B37-4601-94A5-C7DCA714B69B}
	EndProjectSection
EndProject
Project("{8BC9CEB8-8B4A-11D0-8D11-00A0C91BC942}") = "opencv_hal", "modules\hal\opencv_hal.vcproj", "{6117C562-4DDE-4608-81D1-23412B8B56DF}"
	ProjectSection(ProjectDependencies) = postProject
		{5AEF8B4A-0B37-4601-94A5-C7DCA714B69B} = {5AEF8B4A-0B37-4601-94A5-C7DCA714B69B}
	EndProjectSection
EndProject
Project("{8BC9CEB8-8B4A-11D0-8D11-00A0C91BC942}") = "opencv_hal_object", "modules\hal\opencv_hal_object.vcproj", "{60D4FCEB-8107-43DB-83AD-7CEE2400BF79}"
	ProjectSection(ProjectDependencies) = postProject
		{5AEF8B4A-0B37-4601-94A5-C7DCA714B69B} = {5AEF8B4A-0B37-4601-94A5-C7DCA714B69B}
	EndProjectSection
EndProject
Project("{8BC9CEB8-8B4A-11D0-8D11-00A0C91BC942}") = "opencv_highgui", "modules\highgui\opencv_highgui.vcproj", "{016B534A-7575-437E-A1AA-420A8FDEBBE3}"
	ProjectSection(ProjectDependencies) = postProject
		{5AEF8B4A-0B37-4601-94A5-C7DCA714B69B} = {5AEF8B4A-0B37-4601-94A5-C7DCA714B69B}
		{49434DB1-FB22-4B14-AA45-7712AA88C4CB} = {49434DB1-FB22-4B14-AA45-7712AA88C4CB}
		{6117C562-4DDE-4608-81D1-23412B8B56DF} = {6117C562-4DDE-4608-81D1-23412B8B56DF}
		{39AF6707-B052-495F-B7A1-D0974FD4B07D} = {39AF6707-B052-495F-B7A1-D0974FD4B07D}
		{088AE20C-ED0A-48B8-B843-417AAF0A880A} = {088AE20C-ED0A-48B8-B843-417AAF0A880A}
		{A8983805-7A74-4E9D-897E-27BCC20FBA4F} = {A8983805-7A74-4E9D-897E-27BCC20FBA4F}
	EndProjectSection
EndProject
Project("{8BC9CEB8-8B4A-11D0-8D11-00A0C91BC942}") = "opencv_highgui_object", "modules\highgui\opencv_highgui_object.vcproj", "{A9B3BA56-EB50-4A50-AEC0-904A04BD3738}"
	ProjectSection(ProjectDependencies) = postProject
		{5AEF8B4A-0B37-4601-94A5-C7DCA714B69B} = {5AEF8B4A-0B37-4601-94A5-C7DCA714B69B}
	EndProjectSection
EndProject
Project("{8BC9CEB8-8B4A-11D0-8D11-00A0C91BC942}") = "opencv_imgcodecs", "modules\imgcodecs\opencv_imgcodecs.vcproj", "{39AF6707-B052-495F-B7A1-D0974FD4B07D}"
	ProjectSection(ProjectDependencies) = postProject
		{6EF742F2-F632-432F-A551-F699E7694208} = {6EF742F2-F632-432F-A551-F699E7694208}
		{5AEF8B4A-0B37-4601-94A5-C7DCA714B69B} = {5AEF8B4A-0B37-4601-94A5-C7DCA714B69B}
		{D70DD6E3-0E06-488F-BBC1-C2D70B093AB1} = {D70DD6E3-0E06-488F-BBC1-C2D70B093AB1}
		{CCF12506-8AA3-408F-BA73-0B04AC2C865D} = {CCF12506-8AA3-408F-BA73-0B04AC2C865D}
		{7C103A77-A986-4A8E-B424-9E136C2F9CE2} = {7C103A77-A986-4A8E-B424-9E136C2F9CE2}
		{760C9B0F-E137-4360-B8DE-E3F959FE7074} = {760C9B0F-E137-4360-B8DE-E3F959FE7074}
		{DF91D60E-2740-4269-8A4E-F3E612B98FC3} = {DF91D60E-2740-4269-8A4E-F3E612B98FC3}
		{49434DB1-FB22-4B14-AA45-7712AA88C4CB} = {49434DB1-FB22-4B14-AA45-7712AA88C4CB}
		{6117C562-4DDE-4608-81D1-23412B8B56DF} = {6117C562-4DDE-4608-81D1-23412B8B56DF}
		{088AE20C-ED0A-48B8-B843-417AAF0A880A} = {088AE20C-ED0A-48B8-B843-417AAF0A880A}
		{51EAE3D2-24D5-46D6-8A61-D62D25859CDA} = {51EAE3D2-24D5-46D6-8A61-D62D25859CDA}
	EndProjectSection
EndProject
Project("{8BC9CEB8-8B4A-11D0-8D11-00A0C91BC942}") = "opencv_imgcodecs_object", "modules\imgcodecs\opencv_imgcodecs_object.vcproj", "{CBBEB3EF-77F7-4AD4-8359-FAC38E6C517D}"
	ProjectSection(ProjectDependencies) = postProject
		{5AEF8B4A-0B37-4601-94A5-C7DCA714B69B} = {5AEF8B4A-0B37-4601-94A5-C7DCA714B69B}
	EndProjectSection
EndProject
Project("{8BC9CEB8-8B4A-11D0-8D11-00A0C91BC942}") = "opencv_imgproc", "modules\imgproc\opencv_imgproc.vcproj", "{088AE20C-ED0A-48B8-B843-417AAF0A880A}"
	ProjectSection(ProjectDependencies) = postProject
		{5AEF8B4A-0B37-4601-94A5-C7DCA714B69B} = {5AEF8B4A-0B37-4601-94A5-C7DCA714B69B}
		{49434DB1-FB22-4B14-AA45-7712AA88C4CB} = {49434DB1-FB22-4B14-AA45-7712AA88C4CB}
		{6117C562-4DDE-4608-81D1-23412B8B56DF} = {6117C562-4DDE-4608-81D1-23412B8B56DF}
	EndProjectSection
EndProject
Project("{8BC9CEB8-8B4A-11D0-8D11-00A0C91BC942}") = "opencv_imgproc_object", "modules\imgproc\opencv_imgproc_object.vcproj", "{FFEDA648-CFA5-4A6E-B8C9-92F0F776C834}"
	ProjectSection(ProjectDependencies) = postProject
		{5AEF8B4A-0B37-4601-94A5-C7DCA714B69B} = {5AEF8B4A-0B37-4601-94A5-C7DCA714B69B}
	EndProjectSection
EndProject
Project("{8BC9CEB8-8B4A-11D0-8D11-00A0C91BC942}") = "opencv_ml", "modules\ml\opencv_ml.vcproj", "{85D9F5E6-0AC8-4780-B23A-8DE6DC557732}"
	ProjectSection(ProjectDependencies) = postProject
		{5AEF8B4A-0B37-4601-94A5-C7DCA714B69B} = {5AEF8B4A-0B37-4601-94A5-C7DCA714B69B}
		{49434DB1-FB22-4B14-AA45-7712AA88C4CB} = {49434DB1-FB22-4B14-AA45-7712AA88C4CB}
		{6117C562-4DDE-4608-81D1-23412B8B56DF} = {6117C562-4DDE-4608-81D1-23412B8B56DF}
	EndProjectSection
EndProject
Project("{8BC9CEB8-8B4A-11D0-8D11-00A0C91BC942}") = "opencv_ml_object", "modules\ml\opencv_ml_object.vcproj", "{25DD600F-7CA7-4177-830D-3D00278E8838}"
	ProjectSection(ProjectDependencies) = postProject
		{5AEF8B4A-0B37-4601-94A5-C7DCA714B69B} = {5AEF8B4A-0B37-4601-94A5-C7DCA714B69B}
	EndProjectSection
EndProject
Project("{8BC9CEB8-8B4A-11D0-8D11-00A0C91BC942}") = "opencv_modules", "opencv_modules.vcproj", "{D5C55C53-E62C-494B-884F-CC81A0242F3B}"
	ProjectSection(ProjectDependencies) = postProject
		{5AEF8B4A-0B37-4601-94A5-C7DCA714B69B} = {5AEF8B4A-0B37-4601-94A5-C7DCA714B69B}
		{10CE522F-B672-446B-8E2F-9571A7DE87E7} = {10CE522F-B672-446B-8E2F-9571A7DE87E7}
		{49434DB1-FB22-4B14-AA45-7712AA88C4CB} = {49434DB1-FB22-4B14-AA45-7712AA88C4CB}
		{2E2F83F2-4E1F-44D3-846C-DB333128A444} = {2E2F83F2-4E1F-44D3-846C-DB333128A444}
		{A61318E0-9CEA-4EBE-93FF-F147885AEA50} = {A61318E0-9CEA-4EBE-93FF-F147885AEA50}
		{6117C562-4DDE-4608-81D1-23412B8B56DF} = {6117C562-4DDE-4608-81D1-23412B8B56DF}
		{016B534A-7575-437E-A1AA-420A8FDEBBE3} = {016B534A-7575-437E-A1AA-420A8FDEBBE3}
		{39AF6707-B052-495F-B7A1-D0974FD4B07D} = {39AF6707-B052-495F-B7A1-D0974FD4B07D}
		{088AE20C-ED0A-48B8-B843-417AAF0A880A} = {088AE20C-ED0A-48B8-B843-417AAF0A880A}
		{85D9F5E6-0AC8-4780-B23A-8DE6DC557732} = {85D9F5E6-0AC8-4780-B23A-8DE6DC557732}
		{F4EEB147-FD7A-457E-9391-9C6DD745DB72} = {F4EEB147-FD7A-457E-9391-9C6DD745DB72}
		{3F4E64C0-C9F7-4CA1-8D45-934F4262CA11} = {3F4E64C0-C9F7-4CA1-8D45-934F4262CA11}
		{9C70AF9F-54B7-4C8A-99E2-39F2A4455775} = {9C70AF9F-54B7-4C8A-99E2-39F2A4455775}
		{3ABBF52F-F5D9-4546-833A-1F7BD06FCB11} = {3ABBF52F-F5D9-4546-833A-1F7BD06FCB11}
		{605ED2ED-6496-4755-BD88-B1E62C138995} = {605ED2ED-6496-4755-BD88-B1E62C138995}
		{4EAE0E16-B194-471E-AB0F-D7CAAEA0E27D} = {4EAE0E16-B194-471E-AB0F-D7CAAEA0E27D}
		{0E79B540-4B17-4236-98BB-14BC5A07D4E0} = {0E79B540-4B17-4236-98BB-14BC5A07D4E0}
		{A8983805-7A74-4E9D-897E-27BCC20FBA4F} = {A8983805-7A74-4E9D-897E-27BCC20FBA4F}
		{C6FF3076-DE98-43DF-94BD-E0226CA21AA1} = {C6FF3076-DE98-43DF-94BD-E0226CA21AA1}
	EndProjectSection
EndProject
Project("{8BC9CEB8-8B4A-11D0-8D11-00A0C91BC942}") = "opencv_objdetect", "modules\objdetect\opencv_objdetect.vcproj", "{F4EEB147-FD7A-457E-9391-9C6DD745DB72}"
	ProjectSection(ProjectDependencies) = postProject
		{5AEF8B4A-0B37-4601-94A5-C7DCA714B69B} = {5AEF8B4A-0B37-4601-94A5-C7DCA714B69B}
		{49434DB1-FB22-4B14-AA45-7712AA88C4CB} = {49434DB1-FB22-4B14-AA45-7712AA88C4CB}
		{6117C562-4DDE-4608-81D1-23412B8B56DF} = {6117C562-4DDE-4608-81D1-23412B8B56DF}
		{016B534A-7575-437E-A1AA-420A8FDEBBE3} = {016B534A-7575-437E-A1AA-420A8FDEBBE3}
		{39AF6707-B052-495F-B7A1-D0974FD4B07D} = {39AF6707-B052-495F-B7A1-D0974FD4B07D}
		{088AE20C-ED0A-48B8-B843-417AAF0A880A} = {088AE20C-ED0A-48B8-B843-417AAF0A880A}
		{85D9F5E6-0AC8-4780-B23A-8DE6DC557732} = {85D9F5E6-0AC8-4780-B23A-8DE6DC557732}
		{A8983805-7A74-4E9D-897E-27BCC20FBA4F} = {A8983805-7A74-4E9D-897E-27BCC20FBA4F}
	EndProjectSection
EndProject
Project("{8BC9CEB8-8B4A-11D0-8D11-00A0C91BC942}") = "opencv_objdetect_object", "modules\objdetect\opencv_objdetect_object.vcproj", "{FD42D775-44F9-45A4-802A-001E27D70E25}"
	ProjectSection(ProjectDependencies) = postProject
		{5AEF8B4A-0B37-4601-94A5-C7DCA714B69B} = {5AEF8B4A-0B37-4601-94A5-C7DCA714B69B}
	EndProjectSection
EndProject
Project("{8BC9CEB8-8B4A-11D0-8D11-00A0C91BC942}") = "opencv_perf_calib3d", "modules\calib3d\opencv_perf_calib3d.vcproj", "{5108376A-F770-434E-9FCF-6896FD699006}"
	ProjectSection(ProjectDependencies) = postProject
		{5AEF8B4A-0B37-4601-94A5-C7DCA714B69B} = {5AEF8B4A-0B37-4601-94A5-C7DCA714B69B}
		{10CE522F-B672-446B-8E2F-9571A7DE87E7} = {10CE522F-B672-446B-8E2F-9571A7DE87E7}
		{49434DB1-FB22-4B14-AA45-7712AA88C4CB} = {49434DB1-FB22-4B14-AA45-7712AA88C4CB}
		{2E2F83F2-4E1F-44D3-846C-DB333128A444} = {2E2F83F2-4E1F-44D3-846C-DB333128A444}
		{A61318E0-9CEA-4EBE-93FF-F147885AEA50} = {A61318E0-9CEA-4EBE-93FF-F147885AEA50}
		{6117C562-4DDE-4608-81D1-23412B8B56DF} = {6117C562-4DDE-4608-81D1-23412B8B56DF}
		{016B534A-7575-437E-A1AA-420A8FDEBBE3} = {016B534A-7575-437E-A1AA-420A8FDEBBE3}
		{39AF6707-B052-495F-B7A1-D0974FD4B07D} = {39AF6707-B052-495F-B7A1-D0974FD4B07D}
		{088AE20C-ED0A-48B8-B843-417AAF0A880A} = {088AE20C-ED0A-48B8-B843-417AAF0A880A}
		{85D9F5E6-0AC8-4780-B23A-8DE6DC557732} = {85D9F5E6-0AC8-4780-B23A-8DE6DC557732}
		{4EAE0E16-B194-471E-AB0F-D7CAAEA0E27D} = {4EAE0E16-B194-471E-AB0F-D7CAAEA0E27D}
		{A8983805-7A74-4E9D-897E-27BCC20FBA4F} = {A8983805-7A74-4E9D-897E-27BCC20FBA4F}
	EndProjectSection
EndProject
Project("{8BC9CEB8-8B4A-11D0-8D11-00A0C91BC942}") = "opencv_perf_core", "modules\core\opencv_perf_core.vcproj", "{62A240C5-61FB-4D85-8550-0C59C379F291}"
	ProjectSection(ProjectDependencies) = postProject
		{5AEF8B4A-0B37-4601-94A5-C7DCA714B69B} = {5AEF8B4A-0B37-4601-94A5-C7DCA714B69B}
		{49434DB1-FB22-4B14-AA45-7712AA88C4CB} = {49434DB1-FB22-4B14-AA45-7712AA88C4CB}
		{6117C562-4DDE-4608-81D1-23412B8B56DF} = {6117C562-4DDE-4608-81D1-23412B8B56DF}
		{016B534A-7575-437E-A1AA-420A8FDEBBE3} = {016B534A-7575-437E-A1AA-420A8FDEBBE3}
		{39AF6707-B052-495F-B7A1-D0974FD4B07D} = {39AF6707-B052-495F-B7A1-D0974FD4B07D}
		{088AE20C-ED0A-48B8-B843-417AAF0A880A} = {088AE20C-ED0A-48B8-B843-417AAF0A880A}
		{4EAE0E16-B194-471E-AB0F-D7CAAEA0E27D} = {4EAE0E16-B194-471E-AB0F-D7CAAEA0E27D}
		{A8983805-7A74-4E9D-897E-27BCC20FBA4F} = {A8983805-7A74-4E9D-897E-27BCC20FBA4F}
	EndProjectSection
EndProject
Project("{8BC9CEB8-8B4A-11D0-8D11-00A0C91BC942}") = "opencv_perf_features2d", "modules\features2d\opencv_perf_features2d.vcproj", "{2BE835D6-9D49-4BEA-8DA9-9CC00D6D9986}"
	ProjectSection(ProjectDependencies) = postProject
		{5AEF8B4A-0B37-4601-94A5-C7DCA714B69B} = {5AEF8B4A-0B37-4601-94A5-C7DCA714B69B}
		{49434DB1-FB22-4B14-AA45-7712AA88C4CB} = {49434DB1-FB22-4B14-AA45-7712AA88C4CB}
		{2E2F83F2-4E1F-44D3-846C-DB333128A444} = {2E2F83F2-4E1F-44D3-846C-DB333128A444}
		{A61318E0-9CEA-4EBE-93FF-F147885AEA50} = {A61318E0-9CEA-4EBE-93FF-F147885AEA50}
		{6117C562-4DDE-4608-81D1-23412B8B56DF} = {6117C562-4DDE-4608-81D1-23412B8B56DF}
		{016B534A-7575-437E-A1AA-420A8FDEBBE3} = {016B534A-7575-437E-A1AA-420A8FDEBBE3}
		{39AF6707-B052-495F-B7A1-D0974FD4B07D} = {39AF6707-B052-495F-B7A1-D0974FD4B07D}
		{088AE20C-ED0A-48B8-B843-417AAF0A880A} = {088AE20C-ED0A-48B8-B843-417AAF0A880A}
		{85D9F5E6-0AC8-4780-B23A-8DE6DC557732} = {85D9F5E6-0AC8-4780-B23A-8DE6DC557732}
		{4EAE0E16-B194-471E-AB0F-D7CAAEA0E27D} = {4EAE0E16-B194-471E-AB0F-D7CAAEA0E27D}
		{A8983805-7A74-4E9D-897E-27BCC20FBA4F} = {A8983805-7A74-4E9D-897E-27BCC20FBA4F}
	EndProjectSection
EndProject
Project("{8BC9CEB8-8B4A-11D0-8D11-00A0C91BC942}") = "opencv_perf_imgcodecs", "modules\imgcodecs\opencv_perf_imgcodecs.vcproj", "{DBCEE0CF-C8C3-4E58-AB72-DA3530D89E3A}"
	ProjectSection(ProjectDependencies) = postProject
		{5AEF8B4A-0B37-4601-94A5-C7DCA714B69B} = {5AEF8B4A-0B37-4601-94A5-C7DCA714B69B}
		{49434DB1-FB22-4B14-AA45-7712AA88C4CB} = {49434DB1-FB22-4B14-AA45-7712AA88C4CB}
		{6117C562-4DDE-4608-81D1-23412B8B56DF} = {6117C562-4DDE-4608-81D1-23412B8B56DF}
		{016B534A-7575-437E-A1AA-420A8FDEBBE3} = {016B534A-7575-437E-A1AA-420A8FDEBBE3}
		{39AF6707-B052-495F-B7A1-D0974FD4B07D} = {39AF6707-B052-495F-B7A1-D0974FD4B07D}
		{088AE20C-ED0A-48B8-B843-417AAF0A880A} = {088AE20C-ED0A-48B8-B843-417AAF0A880A}
		{4EAE0E16-B194-471E-AB0F-D7CAAEA0E27D} = {4EAE0E16-B194-471E-AB0F-D7CAAEA0E27D}
		{A8983805-7A74-4E9D-897E-27BCC20FBA4F} = {A8983805-7A74-4E9D-897E-27BCC20FBA4F}
	EndProjectSection
EndProject
Project("{8BC9CEB8-8B4A-11D0-8D11-00A0C91BC942}") = "opencv_perf_imgproc", "modules\imgproc\opencv_perf_imgproc.vcproj", "{51847D05-7E00-4C3D-9C8C-64C0DAEB67AB}"
	ProjectSection(ProjectDependencies) = postProject
		{5AEF8B4A-0B37-4601-94A5-C7DCA714B69B} = {5AEF8B4A-0B37-4601-94A5-C7DCA714B69B}
		{49434DB1-FB22-4B14-AA45-7712AA88C4CB} = {49434DB1-FB22-4B14-AA45-7712AA88C4CB}
		{6117C562-4DDE-4608-81D1-23412B8B56DF} = {6117C562-4DDE-4608-81D1-23412B8B56DF}
		{016B534A-7575-437E-A1AA-420A8FDEBBE3} = {016B534A-7575-437E-A1AA-420A8FDEBBE3}
		{39AF6707-B052-495F-B7A1-D0974FD4B07D} = {39AF6707-B052-495F-B7A1-D0974FD4B07D}
		{088AE20C-ED0A-48B8-B843-417AAF0A880A} = {088AE20C-ED0A-48B8-B843-417AAF0A880A}
		{4EAE0E16-B194-471E-AB0F-D7CAAEA0E27D} = {4EAE0E16-B194-471E-AB0F-D7CAAEA0E27D}
		{A8983805-7A74-4E9D-897E-27BCC20FBA4F} = {A8983805-7A74-4E9D-897E-27BCC20FBA4F}
	EndProjectSection
EndProject
Project("{8BC9CEB8-8B4A-11D0-8D11-00A0C91BC942}") = "opencv_perf_objdetect", "modules\objdetect\opencv_perf_objdetect.vcproj", "{DB29B7F2-46B4-4BAB-9D7E-D08EF38A4B4E}"
	ProjectSection(ProjectDependencies) = postProject
		{5AEF8B4A-0B37-4601-94A5-C7DCA714B69B} = {5AEF8B4A-0B37-4601-94A5-C7DCA714B69B}
		{49434DB1-FB22-4B14-AA45-7712AA88C4CB} = {49434DB1-FB22-4B14-AA45-7712AA88C4CB}
		{6117C562-4DDE-4608-81D1-23412B8B56DF} = {6117C562-4DDE-4608-81D1-23412B8B56DF}
		{016B534A-7575-437E-A1AA-420A8FDEBBE3} = {016B534A-7575-437E-A1AA-420A8FDEBBE3}
		{39AF6707-B052-495F-B7A1-D0974FD4B07D} = {39AF6707-B052-495F-B7A1-D0974FD4B07D}
		{088AE20C-ED0A-48B8-B843-417AAF0A880A} = {088AE20C-ED0A-48B8-B843-417AAF0A880A}
		{85D9F5E6-0AC8-4780-B23A-8DE6DC557732} = {85D9F5E6-0AC8-4780-B23A-8DE6DC557732}
		{F4EEB147-FD7A-457E-9391-9C6DD745DB72} = {F4EEB147-FD7A-457E-9391-9C6DD745DB72}
		{4EAE0E16-B194-471E-AB0F-D7CAAEA0E27D} = {4EAE0E16-B194-471E-AB0F-D7CAAEA0E27D}
		{A8983805-7A74-4E9D-897E-27BCC20FBA4F} = {A8983805-7A74-4E9D-897E-27BCC20FBA4F}
	EndProjectSection
EndProject
Project("{8BC9CEB8-8B4A-11D0-8D11-00A0C91BC942}") = "opencv_perf_photo", "modules\photo\opencv_perf_photo.vcproj", "{255EBE96-94A2-4C5E-B359-9708CE02B4B1}"
	ProjectSection(ProjectDependencies) = postProject
		{5AEF8B4A-0B37-4601-94A5-C7DCA714B69B} = {5AEF8B4A-0B37-4601-94A5-C7DCA714B69B}
		{49434DB1-FB22-4B14-AA45-7712AA88C4CB} = {49434DB1-FB22-4B14-AA45-7712AA88C4CB}
		{6117C562-4DDE-4608-81D1-23412B8B56DF} = {6117C562-4DDE-4608-81D1-23412B8B56DF}
		{016B534A-7575-437E-A1AA-420A8FDEBBE3} = {016B534A-7575-437E-A1AA-420A8FDEBBE3}
		{39AF6707-B052-495F-B7A1-D0974FD4B07D} = {39AF6707-B052-495F-B7A1-D0974FD4B07D}
		{088AE20C-ED0A-48B8-B843-417AAF0A880A} = {088AE20C-ED0A-48B8-B843-417AAF0A880A}
		{3F4E64C0-C9F7-4CA1-8D45-934F4262CA11} = {3F4E64C0-C9F7-4CA1-8D45-934F4262CA11}
		{4EAE0E16-B194-471E-AB0F-D7CAAEA0E27D} = {4EAE0E16-B194-471E-AB0F-D7CAAEA0E27D}
		{A8983805-7A74-4E9D-897E-27BCC20FBA4F} = {A8983805-7A74-4E9D-897E-27BCC20FBA4F}
	EndProjectSection
EndProject
Project("{8BC9CEB8-8B4A-11D0-8D11-00A0C91BC942}") = "opencv_perf_stitching", "modules\stitching\opencv_perf_stitching.vcproj", "{5E5BABBF-C340-4087-9721-C2A4629B79F1}"
	ProjectSection(ProjectDependencies) = postProject
		{5AEF8B4A-0B37-4601-94A5-C7DCA714B69B} = {5AEF8B4A-0B37-4601-94A5-C7DCA714B69B}
		{10CE522F-B672-446B-8E2F-9571A7DE87E7} = {10CE522F-B672-446B-8E2F-9571A7DE87E7}
		{49434DB1-FB22-4B14-AA45-7712AA88C4CB} = {49434DB1-FB22-4B14-AA45-7712AA88C4CB}
		{2E2F83F2-4E1F-44D3-846C-DB333128A444} = {2E2F83F2-4E1F-44D3-846C-DB333128A444}
		{A61318E0-9CEA-4EBE-93FF-F147885AEA50} = {A61318E0-9CEA-4EBE-93FF-F147885AEA50}
		{6117C562-4DDE-4608-81D1-23412B8B56DF} = {6117C562-4DDE-4608-81D1-23412B8B56DF}
		{016B534A-7575-437E-A1AA-420A8FDEBBE3} = {016B534A-7575-437E-A1AA-420A8FDEBBE3}
		{39AF6707-B052-495F-B7A1-D0974FD4B07D} = {39AF6707-B052-495F-B7A1-D0974FD4B07D}
		{088AE20C-ED0A-48B8-B843-417AAF0A880A} = {088AE20C-ED0A-48B8-B843-417AAF0A880A}
		{85D9F5E6-0AC8-4780-B23A-8DE6DC557732} = {85D9F5E6-0AC8-4780-B23A-8DE6DC557732}
		{F4EEB147-FD7A-457E-9391-9C6DD745DB72} = {F4EEB147-FD7A-457E-9391-9C6DD745DB72}
		{3ABBF52F-F5D9-4546-833A-1F7BD06FCB11} = {3ABBF52F-F5D9-4546-833A-1F7BD06FCB11}
		{4EAE0E16-B194-471E-AB0F-D7CAAEA0E27D} = {4EAE0E16-B194-471E-AB0F-D7CAAEA0E27D}
		{A8983805-7A74-4E9D-897E-27BCC20FBA4F} = {A8983805-7A74-4E9D-897E-27BCC20FBA4F}
	EndProjectSection
EndProject
Project("{8BC9CEB8-8B4A-11D0-8D11-00A0C91BC942}") = "opencv_perf_superres", "modules\superres\opencv_perf_superres.vcproj", "{E6FBAC46-6448-44A9-9E82-F401D0F66D37}"
	ProjectSection(ProjectDependencies) = postProject
		{5AEF8B4A-0B37-4601-94A5-C7DCA714B69B} = {5AEF8B4A-0B37-4601-94A5-C7DCA714B69B}
		{49434DB1-FB22-4B14-AA45-7712AA88C4CB} = {49434DB1-FB22-4B14-AA45-7712AA88C4CB}
		{6117C562-4DDE-4608-81D1-23412B8B56DF} = {6117C562-4DDE-4608-81D1-23412B8B56DF}
		{016B534A-7575-437E-A1AA-420A8FDEBBE3} = {016B534A-7575-437E-A1AA-420A8FDEBBE3}
		{39AF6707-B052-495F-B7A1-D0974FD4B07D} = {39AF6707-B052-495F-B7A1-D0974FD4B07D}
		{088AE20C-ED0A-48B8-B843-417AAF0A880A} = {088AE20C-ED0A-48B8-B843-417AAF0A880A}
		{605ED2ED-6496-4755-BD88-B1E62C138995} = {605ED2ED-6496-4755-BD88-B1E62C138995}
		{4EAE0E16-B194-471E-AB0F-D7CAAEA0E27D} = {4EAE0E16-B194-471E-AB0F-D7CAAEA0E27D}
		{0E79B540-4B17-4236-98BB-14BC5A07D4E0} = {0E79B540-4B17-4236-98BB-14BC5A07D4E0}
		{A8983805-7A74-4E9D-897E-27BCC20FBA4F} = {A8983805-7A74-4E9D-897E-27BCC20FBA4F}
	EndProjectSection
EndProject
Project("{8BC9CEB8-8B4A-11D0-8D11-00A0C91BC942}") = "opencv_perf_tests", "opencv_perf_tests.vcproj", "{12A50052-86AC-4483-9CBB-8539ED530871}"
	ProjectSection(ProjectDependencies) = postProject
		{5AEF8B4A-0B37-4601-94A5-C7DCA714B69B} = {5AEF8B4A-0B37-4601-94A5-C7DCA714B69B}
		{5108376A-F770-434E-9FCF-6896FD699006} = {5108376A-F770-434E-9FCF-6896FD699006}
		{62A240C5-61FB-4D85-8550-0C59C379F291} = {62A240C5-61FB-4D85-8550-0C59C379F291}
		{2BE835D6-9D49-4BEA-8DA9-9CC00D6D9986} = {2BE835D6-9D49-4BEA-8DA9-9CC00D6D9986}
		{DBCEE0CF-C8C3-4E58-AB72-DA3530D89E3A} = {DBCEE0CF-C8C3-4E58-AB72-DA3530D89E3A}
		{51847D05-7E00-4C3D-9C8C-64C0DAEB67AB} = {51847D05-7E00-4C3D-9C8C-64C0DAEB67AB}
		{DB29B7F2-46B4-4BAB-9D7E-D08EF38A4B4E} = {DB29B7F2-46B4-4BAB-9D7E-D08EF38A4B4E}
		{255EBE96-94A2-4C5E-B359-9708CE02B4B1} = {255EBE96-94A2-4C5E-B359-9708CE02B4B1}
		{5E5BABBF-C340-4087-9721-C2A4629B79F1} = {5E5BABBF-C340-4087-9721-C2A4629B79F1}
		{E6FBAC46-6448-44A9-9E82-F401D0F66D37} = {E6FBAC46-6448-44A9-9E82-F401D0F66D37}
		{73081B2E-2FDD-46A0-B61D-0DAD54C886CF} = {73081B2E-2FDD-46A0-B61D-0DAD54C886CF}
		{6E6601B1-0E1E-459F-8D07-EC0377AD3CB5} = {6E6601B1-0E1E-459F-8D07-EC0377AD3CB5}
	EndProjectSection
EndProject
Project("{8BC9CEB8-8B4A-11D0-8D11-00A0C91BC942}") = "opencv_perf_video", "modules\video\opencv_perf_video.vcproj", "{73081B2E-2FDD-46A0-B61D-0DAD54C886CF}"
	ProjectSection(ProjectDependencies) = postProject
		{5AEF8B4A-0B37-4601-94A5-C7DCA714B69B} = {5AEF8B4A-0B37-4601-94A5-C7DCA714B69B}
		{49434DB1-FB22-4B14-AA45-7712AA88C4CB} = {49434DB1-FB22-4B14-AA45-7712AA88C4CB}
		{6117C562-4DDE-4608-81D1-23412B8B56DF} = {6117C562-4DDE-4608-81D1-23412B8B56DF}
		{016B534A-7575-437E-A1AA-420A8FDEBBE3} = {016B534A-7575-437E-A1AA-420A8FDEBBE3}
		{39AF6707-B052-495F-B7A1-D0974FD4B07D} = {39AF6707-B052-495F-B7A1-D0974FD4B07D}
		{088AE20C-ED0A-48B8-B843-417AAF0A880A} = {088AE20C-ED0A-48B8-B843-417AAF0A880A}
		{4EAE0E16-B194-471E-AB0F-D7CAAEA0E27D} = {4EAE0E16-B194-471E-AB0F-D7CAAEA0E27D}
		{0E79B540-4B17-4236-98BB-14BC5A07D4E0} = {0E79B540-4B17-4236-98BB-14BC5A07D4E0}
		{A8983805-7A74-4E9D-897E-27BCC20FBA4F} = {A8983805-7A74-4E9D-897E-27BCC20FBA4F}
	EndProjectSection
EndProject
Project("{8BC9CEB8-8B4A-11D0-8D11-00A0C91BC942}") = "opencv_perf_videoio", "modules\videoio\opencv_perf_videoio.vcproj", "{6E6601B1-0E1E-459F-8D07-EC0377AD3CB5}"
	ProjectSection(ProjectDependencies) = postProject
		{5AEF8B4A-0B37-4601-94A5-C7DCA714B69B} = {5AEF8B4A-0B37-4601-94A5-C7DCA714B69B}
		{49434DB1-FB22-4B14-AA45-7712AA88C4CB} = {49434DB1-FB22-4B14-AA45-7712AA88C4CB}
		{6117C562-4DDE-4608-81D1-23412B8B56DF} = {6117C562-4DDE-4608-81D1-23412B8B56DF}
		{016B534A-7575-437E-A1AA-420A8FDEBBE3} = {016B534A-7575-437E-A1AA-420A8FDEBBE3}
		{39AF6707-B052-495F-B7A1-D0974FD4B07D} = {39AF6707-B052-495F-B7A1-D0974FD4B07D}
		{088AE20C-ED0A-48B8-B843-417AAF0A880A} = {088AE20C-ED0A-48B8-B843-417AAF0A880A}
		{4EAE0E16-B194-471E-AB0F-D7CAAEA0E27D} = {4EAE0E16-B194-471E-AB0F-D7CAAEA0E27D}
		{A8983805-7A74-4E9D-897E-27BCC20FBA4F} = {A8983805-7A74-4E9D-897E-27BCC20FBA4F}
	EndProjectSection
EndProject
Project("{8BC9CEB8-8B4A-11D0-8D11-00A0C91BC942}") = "opencv_photo", "modules\photo\opencv_photo.vcproj", "{3F4E64C0-C9F7-4CA1-8D45-934F4262CA11}"
	ProjectSection(ProjectDependencies) = postProject
		{5AEF8B4A-0B37-4601-94A5-C7DCA714B69B} = {5AEF8B4A-0B37-4601-94A5-C7DCA714B69B}
		{49434DB1-FB22-4B14-AA45-7712AA88C4CB} = {49434DB1-FB22-4B14-AA45-7712AA88C4CB}
		{6117C562-4DDE-4608-81D1-23412B8B56DF} = {6117C562-4DDE-4608-81D1-23412B8B56DF}
		{088AE20C-ED0A-48B8-B843-417AAF0A880A} = {088AE20C-ED0A-48B8-B843-417AAF0A880A}
	EndProjectSection
EndProject
Project("{8BC9CEB8-8B4A-11D0-8D11-00A0C91BC942}") = "opencv_photo_object", "modules\photo\opencv_photo_object.vcproj", "{B0EE4DEE-9B54-4045-BE36-74D8753B99B7}"
	ProjectSection(ProjectDependencies) = postProject
		{5AEF8B4A-0B37-4601-94A5-C7DCA714B69B} = {5AEF8B4A-0B37-4601-94A5-C7DCA714B69B}
	EndProjectSection
EndProject
Project("{8BC9CEB8-8B4A-11D0-8D11-00A0C91BC942}") = "opencv_shape", "modules\shape\opencv_shape.vcproj", "{9C70AF9F-54B7-4C8A-99E2-39F2A4455775}"
	ProjectSection(ProjectDependencies) = postProject
		{5AEF8B4A-0B37-4601-94A5-C7DCA714B69B} = {5AEF8B4A-0B37-4601-94A5-C7DCA714B69B}
		{49434DB1-FB22-4B14-AA45-7712AA88C4CB} = {49434DB1-FB22-4B14-AA45-7712AA88C4CB}
		{6117C562-4DDE-4608-81D1-23412B8B56DF} = {6117C562-4DDE-4608-81D1-23412B8B56DF}
		{088AE20C-ED0A-48B8-B843-417AAF0A880A} = {088AE20C-ED0A-48B8-B843-417AAF0A880A}
		{0E79B540-4B17-4236-98BB-14BC5A07D4E0} = {0E79B540-4B17-4236-98BB-14BC5A07D4E0}
	EndProjectSection
EndProject
Project("{8BC9CEB8-8B4A-11D0-8D11-00A0C91BC942}") = "opencv_shape_object", "modules\shape\opencv_shape_object.vcproj", "{D3DE442E-6A19-4195-9B7B-4EE85BA080D8}"
	ProjectSection(ProjectDependencies) = postProject
		{5AEF8B4A-0B37-4601-94A5-C7DCA714B69B} = {5AEF8B4A-0B37-4601-94A5-C7DCA714B69B}
	EndProjectSection
EndProject
Project("{8BC9CEB8-8B4A-11D0-8D11-00A0C91BC942}") = "opencv_stitching", "modules\stitching\opencv_stitching.vcproj", "{3ABBF52F-F5D9-4546-833A-1F7BD06FCB11}"
	ProjectSection(ProjectDependencies) = postProject
		{5AEF8B4A-0B37-4601-94A5-C7DCA714B69B} = {5AEF8B4A-0B37-4601-94A5-C7DCA714B69B}
		{10CE522F-B672-446B-8E2F-9571A7DE87E7} = {10CE522F-B672-446B-8E2F-9571A7DE87E7}
		{49434DB1-FB22-4B14-AA45-7712AA88C4CB} = {49434DB1-FB22-4B14-AA45-7712AA88C4CB}
		{2E2F83F2-4E1F-44D3-846C-DB333128A444} = {2E2F83F2-4E1F-44D3-846C-DB333128A444}
		{A61318E0-9CEA-4EBE-93FF-F147885AEA50} = {A61318E0-9CEA-4EBE-93FF-F147885AEA50}
		{6117C562-4DDE-4608-81D1-23412B8B56DF} = {6117C562-4DDE-4608-81D1-23412B8B56DF}
		{016B534A-7575-437E-A1AA-420A8FDEBBE3} = {016B534A-7575-437E-A1AA-420A8FDEBBE3}
		{39AF6707-B052-495F-B7A1-D0974FD4B07D} = {39AF6707-B052-495F-B7A1-D0974FD4B07D}
		{088AE20C-ED0A-48B8-B843-417AAF0A880A} = {088AE20C-ED0A-48B8-B843-417AAF0A880A}
		{85D9F5E6-0AC8-4780-B23A-8DE6DC557732} = {85D9F5E6-0AC8-4780-B23A-8DE6DC557732}
		{F4EEB147-FD7A-457E-9391-9C6DD745DB72} = {F4EEB147-FD7A-457E-9391-9C6DD745DB72}
		{A8983805-7A74-4E9D-897E-27BCC20FBA4F} = {A8983805-7A74-4E9D-897E-27BCC20FBA4F}
	EndProjectSection
EndProject
Project("{8BC9CEB8-8B4A-11D0-8D11-00A0C91BC942}") = "opencv_stitching_object", "modules\stitching\opencv_stitching_object.vcproj", "{654A90D3-71B8-47A4-80F4-61ADC77200EA}"
	ProjectSection(ProjectDependencies) = postProject
		{5AEF8B4A-0B37-4601-94A5-C7DCA714B69B} = {5AEF8B4A-0B37-4601-94A5-C7DCA714B69B}
	EndProjectSection
EndProject
Project("{8BC9CEB8-8B4A-11D0-8D11-00A0C91BC942}") = "opencv_superres", "modules\superres\opencv_superres.vcproj", "{605ED2ED-6496-4755-BD88-B1E62C138995}"
	ProjectSection(ProjectDependencies) = postProject
		{5AEF8B4A-0B37-4601-94A5-C7DCA714B69B} = {5AEF8B4A-0B37-4601-94A5-C7DCA714B69B}
		{49434DB1-FB22-4B14-AA45-7712AA88C4CB} = {49434DB1-FB22-4B14-AA45-7712AA88C4CB}
		{6117C562-4DDE-4608-81D1-23412B8B56DF} = {6117C562-4DDE-4608-81D1-23412B8B56DF}
		{39AF6707-B052-495F-B7A1-D0974FD4B07D} = {39AF6707-B052-495F-B7A1-D0974FD4B07D}
		{088AE20C-ED0A-48B8-B843-417AAF0A880A} = {088AE20C-ED0A-48B8-B843-417AAF0A880A}
		{0E79B540-4B17-4236-98BB-14BC5A07D4E0} = {0E79B540-4B17-4236-98BB-14BC5A07D4E0}
		{A8983805-7A74-4E9D-897E-27BCC20FBA4F} = {A8983805-7A74-4E9D-897E-27BCC20FBA4F}
	EndProjectSection
EndProject
Project("{8BC9CEB8-8B4A-11D0-8D11-00A0C91BC942}") = "opencv_superres_object", "modules\superres\opencv_superres_object.vcproj", "{9130B347-4372-45B5-8C1A-C2E097ECA70F}"
	ProjectSection(ProjectDependencies) = postProject
		{5AEF8B4A-0B37-4601-94A5-C7DCA714B69B} = {5AEF8B4A-0B37-4601-94A5-C7DCA714B69B}
	EndProjectSection
EndProject
Project("{8BC9CEB8-8B4A-11D0-8D11-00A0C91BC942}") = "opencv_test_calib3d", "modules\calib3d\opencv_test_calib3d.vcproj", "{3F211CBA-05D8-4F28-94F0-3840C23F443D}"
	ProjectSection(ProjectDependencies) = postProject
		{5AEF8B4A-0B37-4601-94A5-C7DCA714B69B} = {5AEF8B4A-0B37-4601-94A5-C7DCA714B69B}
		{10CE522F-B672-446B-8E2F-9571A7DE87E7} = {10CE522F-B672-446B-8E2F-9571A7DE87E7}
		{49434DB1-FB22-4B14-AA45-7712AA88C4CB} = {49434DB1-FB22-4B14-AA45-7712AA88C4CB}
		{2E2F83F2-4E1F-44D3-846C-DB333128A444} = {2E2F83F2-4E1F-44D3-846C-DB333128A444}
		{A61318E0-9CEA-4EBE-93FF-F147885AEA50} = {A61318E0-9CEA-4EBE-93FF-F147885AEA50}
		{6117C562-4DDE-4608-81D1-23412B8B56DF} = {6117C562-4DDE-4608-81D1-23412B8B56DF}
		{016B534A-7575-437E-A1AA-420A8FDEBBE3} = {016B534A-7575-437E-A1AA-420A8FDEBBE3}
		{39AF6707-B052-495F-B7A1-D0974FD4B07D} = {39AF6707-B052-495F-B7A1-D0974FD4B07D}
		{088AE20C-ED0A-48B8-B843-417AAF0A880A} = {088AE20C-ED0A-48B8-B843-417AAF0A880A}
		{85D9F5E6-0AC8-4780-B23A-8DE6DC557732} = {85D9F5E6-0AC8-4780-B23A-8DE6DC557732}
		{4EAE0E16-B194-471E-AB0F-D7CAAEA0E27D} = {4EAE0E16-B194-471E-AB0F-D7CAAEA0E27D}
		{A8983805-7A74-4E9D-897E-27BCC20FBA4F} = {A8983805-7A74-4E9D-897E-27BCC20FBA4F}
	EndProjectSection
EndProject
Project("{8BC9CEB8-8B4A-11D0-8D11-00A0C91BC942}") = "opencv_test_core", "modules\core\opencv_test_core.vcproj", "{A3781028-2D5E-456E-8DB8-A6CAADF7707D}"
	ProjectSection(ProjectDependencies) = postProject
		{5AEF8B4A-0B37-4601-94A5-C7DCA714B69B} = {5AEF8B4A-0B37-4601-94A5-C7DCA714B69B}
		{49434DB1-FB22-4B14-AA45-7712AA88C4CB} = {49434DB1-FB22-4B14-AA45-7712AA88C4CB}
		{6117C562-4DDE-4608-81D1-23412B8B56DF} = {6117C562-4DDE-4608-81D1-23412B8B56DF}
		{016B534A-7575-437E-A1AA-420A8FDEBBE3} = {016B534A-7575-437E-A1AA-420A8FDEBBE3}
		{39AF6707-B052-495F-B7A1-D0974FD4B07D} = {39AF6707-B052-495F-B7A1-D0974FD4B07D}
		{088AE20C-ED0A-48B8-B843-417AAF0A880A} = {088AE20C-ED0A-48B8-B843-417AAF0A880A}
		{4EAE0E16-B194-471E-AB0F-D7CAAEA0E27D} = {4EAE0E16-B194-471E-AB0F-D7CAAEA0E27D}
		{A8983805-7A74-4E9D-897E-27BCC20FBA4F} = {A8983805-7A74-4E9D-897E-27BCC20FBA4F}
	EndProjectSection
EndProject
Project("{8BC9CEB8-8B4A-11D0-8D11-00A0C91BC942}") = "opencv_test_features2d", "modules\features2d\opencv_test_features2d.vcproj", "{929F2B34-5B91-41EB-8406-5728F4C84C2B}"
	ProjectSection(ProjectDependencies) = postProject
		{5AEF8B4A-0B37-4601-94A5-C7DCA714B69B} = {5AEF8B4A-0B37-4601-94A5-C7DCA714B69B}
		{49434DB1-FB22-4B14-AA45-7712AA88C4CB} = {49434DB1-FB22-4B14-AA45-7712AA88C4CB}
		{2E2F83F2-4E1F-44D3-846C-DB333128A444} = {2E2F83F2-4E1F-44D3-846C-DB333128A444}
		{A61318E0-9CEA-4EBE-93FF-F147885AEA50} = {A61318E0-9CEA-4EBE-93FF-F147885AEA50}
		{6117C562-4DDE-4608-81D1-23412B8B56DF} = {6117C562-4DDE-4608-81D1-23412B8B56DF}
		{016B534A-7575-437E-A1AA-420A8FDEBBE3} = {016B534A-7575-437E-A1AA-420A8FDEBBE3}
		{39AF6707-B052-495F-B7A1-D0974FD4B07D} = {39AF6707-B052-495F-B7A1-D0974FD4B07D}
		{088AE20C-ED0A-48B8-B843-417AAF0A880A} = {088AE20C-ED0A-48B8-B843-417AAF0A880A}
		{85D9F5E6-0AC8-4780-B23A-8DE6DC557732} = {85D9F5E6-0AC8-4780-B23A-8DE6DC557732}
		{4EAE0E16-B194-471E-AB0F-D7CAAEA0E27D} = {4EAE0E16-B194-471E-AB0F-D7CAAEA0E27D}
		{A8983805-7A74-4E9D-897E-27BCC20FBA4F} = {A8983805-7A74-4E9D-897E-27BCC20FBA4F}
	EndProjectSection
EndProject
Project("{8BC9CEB8-8B4A-11D0-8D11-00A0C91BC942}") = "opencv_test_flann", "modules\flann\opencv_test_flann.vcproj", "{20A5A0F8-D29F-455F-B1F5-B6826ECF22B1}"
	ProjectSection(ProjectDependencies) = postProject
		{5AEF8B4A-0B37-4601-94A5-C7DCA714B69B} = {5AEF8B4A-0B37-4601-94A5-C7DCA714B69B}
		{49434DB1-FB22-4B14-AA45-7712AA88C4CB} = {49434DB1-FB22-4B14-AA45-7712AA88C4CB}
		{A61318E0-9CEA-4EBE-93FF-F147885AEA50} = {A61318E0-9CEA-4EBE-93FF-F147885AEA50}
		{6117C562-4DDE-4608-81D1-23412B8B56DF} = {6117C562-4DDE-4608-81D1-23412B8B56DF}
		{016B534A-7575-437E-A1AA-420A8FDEBBE3} = {016B534A-7575-437E-A1AA-420A8FDEBBE3}
		{39AF6707-B052-495F-B7A1-D0974FD4B07D} = {39AF6707-B052-495F-B7A1-D0974FD4B07D}
		{088AE20C-ED0A-48B8-B843-417AAF0A880A} = {088AE20C-ED0A-48B8-B843-417AAF0A880A}
		{4EAE0E16-B194-471E-AB0F-D7CAAEA0E27D} = {4EAE0E16-B194-471E-AB0F-D7CAAEA0E27D}
		{A8983805-7A74-4E9D-897E-27BCC20FBA4F} = {A8983805-7A74-4E9D-897E-27BCC20FBA4F}
	EndProjectSection
EndProject
Project("{8BC9CEB8-8B4A-11D0-8D11-00A0C91BC942}") = "opencv_test_highgui", "modules\highgui\opencv_test_highgui.vcproj", "{3F8F9AE8-BA74-460C-AFE2-F170F10B21F2}"
	ProjectSection(ProjectDependencies) = postProject
		{5AEF8B4A-0B37-4601-94A5-C7DCA714B69B} = {5AEF8B4A-0B37-4601-94A5-C7DCA714B69B}
		{49434DB1-FB22-4B14-AA45-7712AA88C4CB} = {49434DB1-FB22-4B14-AA45-7712AA88C4CB}
		{6117C562-4DDE-4608-81D1-23412B8B56DF} = {6117C562-4DDE-4608-81D1-23412B8B56DF}
		{016B534A-7575-437E-A1AA-420A8FDEBBE3} = {016B534A-7575-437E-A1AA-420A8FDEBBE3}
		{39AF6707-B052-495F-B7A1-D0974FD4B07D} = {39AF6707-B052-495F-B7A1-D0974FD4B07D}
		{088AE20C-ED0A-48B8-B843-417AAF0A880A} = {088AE20C-ED0A-48B8-B843-417AAF0A880A}
		{4EAE0E16-B194-471E-AB0F-D7CAAEA0E27D} = {4EAE0E16-B194-471E-AB0F-D7CAAEA0E27D}
		{A8983805-7A74-4E9D-897E-27BCC20FBA4F} = {A8983805-7A74-4E9D-897E-27BCC20FBA4F}
	EndProjectSection
EndProject
Project("{8BC9CEB8-8B4A-11D0-8D11-00A0C91BC942}") = "opencv_test_imgcodecs", "modules\imgcodecs\opencv_test_imgcodecs.vcproj", "{30F69955-0C97-4556-B462-1EED97645214}"
	ProjectSection(ProjectDependencies) = postProject
		{5AEF8B4A-0B37-4601-94A5-C7DCA714B69B} = {5AEF8B4A-0B37-4601-94A5-C7DCA714B69B}
		{49434DB1-FB22-4B14-AA45-7712AA88C4CB} = {49434DB1-FB22-4B14-AA45-7712AA88C4CB}
		{6117C562-4DDE-4608-81D1-23412B8B56DF} = {6117C562-4DDE-4608-81D1-23412B8B56DF}
		{016B534A-7575-437E-A1AA-420A8FDEBBE3} = {016B534A-7575-437E-A1AA-420A8FDEBBE3}
		{39AF6707-B052-495F-B7A1-D0974FD4B07D} = {39AF6707-B052-495F-B7A1-D0974FD4B07D}
		{088AE20C-ED0A-48B8-B843-417AAF0A880A} = {088AE20C-ED0A-48B8-B843-417AAF0A880A}
		{4EAE0E16-B194-471E-AB0F-D7CAAEA0E27D} = {4EAE0E16-B194-471E-AB0F-D7CAAEA0E27D}
		{A8983805-7A74-4E9D-897E-27BCC20FBA4F} = {A8983805-7A74-4E9D-897E-27BCC20FBA4F}
	EndProjectSection
EndProject
Project("{8BC9CEB8-8B4A-11D0-8D11-00A0C91BC942}") = "opencv_test_imgproc", "modules\imgproc\opencv_test_imgproc.vcproj", "{6509CC4B-95CE-4E0F-88FA-02D6166307EE}"
	ProjectSection(ProjectDependencies) = postProject
		{5AEF8B4A-0B37-4601-94A5-C7DCA714B69B} = {5AEF8B4A-0B37-4601-94A5-C7DCA714B69B}
		{49434DB1-FB22-4B14-AA45-7712AA88C4CB} = {49434DB1-FB22-4B14-AA45-7712AA88C4CB}
		{6117C562-4DDE-4608-81D1-23412B8B56DF} = {6117C562-4DDE-4608-81D1-23412B8B56DF}
		{016B534A-7575-437E-A1AA-420A8FDEBBE3} = {016B534A-7575-437E-A1AA-420A8FDEBBE3}
		{39AF6707-B052-495F-B7A1-D0974FD4B07D} = {39AF6707-B052-495F-B7A1-D0974FD4B07D}
		{088AE20C-ED0A-48B8-B843-417AAF0A880A} = {088AE20C-ED0A-48B8-B843-417AAF0A880A}
		{4EAE0E16-B194-471E-AB0F-D7CAAEA0E27D} = {4EAE0E16-B194-471E-AB0F-D7CAAEA0E27D}
		{A8983805-7A74-4E9D-897E-27BCC20FBA4F} = {A8983805-7A74-4E9D-897E-27BCC20FBA4F}
	EndProjectSection
EndProject
Project("{8BC9CEB8-8B4A-11D0-8D11-00A0C91BC942}") = "opencv_test_ml", "modules\ml\opencv_test_ml.vcproj", "{ECAE6150-463F-450F-A6FE-26FEA019849C}"
	ProjectSection(ProjectDependencies) = postProject
		{5AEF8B4A-0B37-4601-94A5-C7DCA714B69B} = {5AEF8B4A-0B37-4601-94A5-C7DCA714B69B}
		{49434DB1-FB22-4B14-AA45-7712AA88C4CB} = {49434DB1-FB22-4B14-AA45-7712AA88C4CB}
		{6117C562-4DDE-4608-81D1-23412B8B56DF} = {6117C562-4DDE-4608-81D1-23412B8B56DF}
		{016B534A-7575-437E-A1AA-420A8FDEBBE3} = {016B534A-7575-437E-A1AA-420A8FDEBBE3}
		{39AF6707-B052-495F-B7A1-D0974FD4B07D} = {39AF6707-B052-495F-B7A1-D0974FD4B07D}
		{088AE20C-ED0A-48B8-B843-417AAF0A880A} = {088AE20C-ED0A-48B8-B843-417AAF0A880A}
		{85D9F5E6-0AC8-4780-B23A-8DE6DC557732} = {85D9F5E6-0AC8-4780-B23A-8DE6DC557732}
		{4EAE0E16-B194-471E-AB0F-D7CAAEA0E27D} = {4EAE0E16-B194-471E-AB0F-D7CAAEA0E27D}
		{A8983805-7A74-4E9D-897E-27BCC20FBA4F} = {A8983805-7A74-4E9D-897E-27BCC20FBA4F}
	EndProjectSection
EndProject
Project("{8BC9CEB8-8B4A-11D0-8D11-00A0C91BC942}") = "opencv_test_objdetect", "modules\objdetect\opencv_test_objdetect.vcproj", "{AB8E2126-3E36-4BC4-BB2A-DAAC651125C3}"
	ProjectSection(ProjectDependencies) = postProject
		{5AEF8B4A-0B37-4601-94A5-C7DCA714B69B} = {5AEF8B4A-0B37-4601-94A5-C7DCA714B69B}
		{49434DB1-FB22-4B14-AA45-7712AA88C4CB} = {49434DB1-FB22-4B14-AA45-7712AA88C4CB}
		{6117C562-4DDE-4608-81D1-23412B8B56DF} = {6117C562-4DDE-4608-81D1-23412B8B56DF}
		{016B534A-7575-437E-A1AA-420A8FDEBBE3} = {016B534A-7575-437E-A1AA-420A8FDEBBE3}
		{39AF6707-B052-495F-B7A1-D0974FD4B07D} = {39AF6707-B052-495F-B7A1-D0974FD4B07D}
		{088AE20C-ED0A-48B8-B843-417AAF0A880A} = {088AE20C-ED0A-48B8-B843-417AAF0A880A}
		{85D9F5E6-0AC8-4780-B23A-8DE6DC557732} = {85D9F5E6-0AC8-4780-B23A-8DE6DC557732}
		{F4EEB147-FD7A-457E-9391-9C6DD745DB72} = {F4EEB147-FD7A-457E-9391-9C6DD745DB72}
		{4EAE0E16-B194-471E-AB0F-D7CAAEA0E27D} = {4EAE0E16-B194-471E-AB0F-D7CAAEA0E27D}
		{A8983805-7A74-4E9D-897E-27BCC20FBA4F} = {A8983805-7A74-4E9D-897E-27BCC20FBA4F}
	EndProjectSection
EndProject
Project("{8BC9CEB8-8B4A-11D0-8D11-00A0C91BC942}") = "opencv_test_photo", "modules\photo\opencv_test_photo.vcproj", "{DBC656AE-91C6-460E-9C95-9FC8F0035272}"
	ProjectSection(ProjectDependencies) = postProject
		{5AEF8B4A-0B37-4601-94A5-C7DCA714B69B} = {5AEF8B4A-0B37-4601-94A5-C7DCA714B69B}
		{49434DB1-FB22-4B14-AA45-7712AA88C4CB} = {49434DB1-FB22-4B14-AA45-7712AA88C4CB}
		{6117C562-4DDE-4608-81D1-23412B8B56DF} = {6117C562-4DDE-4608-81D1-23412B8B56DF}
		{016B534A-7575-437E-A1AA-420A8FDEBBE3} = {016B534A-7575-437E-A1AA-420A8FDEBBE3}
		{39AF6707-B052-495F-B7A1-D0974FD4B07D} = {39AF6707-B052-495F-B7A1-D0974FD4B07D}
		{088AE20C-ED0A-48B8-B843-417AAF0A880A} = {088AE20C-ED0A-48B8-B843-417AAF0A880A}
		{3F4E64C0-C9F7-4CA1-8D45-934F4262CA11} = {3F4E64C0-C9F7-4CA1-8D45-934F4262CA11}
		{4EAE0E16-B194-471E-AB0F-D7CAAEA0E27D} = {4EAE0E16-B194-471E-AB0F-D7CAAEA0E27D}
		{A8983805-7A74-4E9D-897E-27BCC20FBA4F} = {A8983805-7A74-4E9D-897E-27BCC20FBA4F}
	EndProjectSection
EndProject
Project("{8BC9CEB8-8B4A-11D0-8D11-00A0C91BC942}") = "opencv_test_shape", "modules\shape\opencv_test_shape.vcproj", "{5126B7E4-9B34-4E77-8071-88247A4A2400}"
	ProjectSection(ProjectDependencies) = postProject
		{5AEF8B4A-0B37-4601-94A5-C7DCA714B69B} = {5AEF8B4A-0B37-4601-94A5-C7DCA714B69B}
		{49434DB1-FB22-4B14-AA45-7712AA88C4CB} = {49434DB1-FB22-4B14-AA45-7712AA88C4CB}
		{6117C562-4DDE-4608-81D1-23412B8B56DF} = {6117C562-4DDE-4608-81D1-23412B8B56DF}
		{016B534A-7575-437E-A1AA-420A8FDEBBE3} = {016B534A-7575-437E-A1AA-420A8FDEBBE3}
		{39AF6707-B052-495F-B7A1-D0974FD4B07D} = {39AF6707-B052-495F-B7A1-D0974FD4B07D}
		{088AE20C-ED0A-48B8-B843-417AAF0A880A} = {088AE20C-ED0A-48B8-B843-417AAF0A880A}
		{9C70AF9F-54B7-4C8A-99E2-39F2A4455775} = {9C70AF9F-54B7-4C8A-99E2-39F2A4455775}
		{4EAE0E16-B194-471E-AB0F-D7CAAEA0E27D} = {4EAE0E16-B194-471E-AB0F-D7CAAEA0E27D}
		{0E79B540-4B17-4236-98BB-14BC5A07D4E0} = {0E79B540-4B17-4236-98BB-14BC5A07D4E0}
		{A8983805-7A74-4E9D-897E-27BCC20FBA4F} = {A8983805-7A74-4E9D-897E-27BCC20FBA4F}
	EndProjectSection
EndProject
Project("{8BC9CEB8-8B4A-11D0-8D11-00A0C91BC942}") = "opencv_test_stitching", "modules\stitching\opencv_test_stitching.vcproj", "{3FCE3E61-895F-4E96-8B71-9FF3A011E25E}"
	ProjectSection(ProjectDependencies) = postProject
		{5AEF8B4A-0B37-4601-94A5-C7DCA714B69B} = {5AEF8B4A-0B37-4601-94A5-C7DCA714B69B}
		{10CE522F-B672-446B-8E2F-9571A7DE87E7} = {10CE522F-B672-446B-8E2F-9571A7DE87E7}
		{49434DB1-FB22-4B14-AA45-7712AA88C4CB} = {49434DB1-FB22-4B14-AA45-7712AA88C4CB}
		{2E2F83F2-4E1F-44D3-846C-DB333128A444} = {2E2F83F2-4E1F-44D3-846C-DB333128A444}
		{A61318E0-9CEA-4EBE-93FF-F147885AEA50} = {A61318E0-9CEA-4EBE-93FF-F147885AEA50}
		{6117C562-4DDE-4608-81D1-23412B8B56DF} = {6117C562-4DDE-4608-81D1-23412B8B56DF}
		{016B534A-7575-437E-A1AA-420A8FDEBBE3} = {016B534A-7575-437E-A1AA-420A8FDEBBE3}
		{39AF6707-B052-495F-B7A1-D0974FD4B07D} = {39AF6707-B052-495F-B7A1-D0974FD4B07D}
		{088AE20C-ED0A-48B8-B843-417AAF0A880A} = {088AE20C-ED0A-48B8-B843-417AAF0A880A}
		{85D9F5E6-0AC8-4780-B23A-8DE6DC557732} = {85D9F5E6-0AC8-4780-B23A-8DE6DC557732}
		{F4EEB147-FD7A-457E-9391-9C6DD745DB72} = {F4EEB147-FD7A-457E-9391-9C6DD745DB72}
		{3ABBF52F-F5D9-4546-833A-1F7BD06FCB11} = {3ABBF52F-F5D9-4546-833A-1F7BD06FCB11}
		{4EAE0E16-B194-471E-AB0F-D7CAAEA0E27D} = {4EAE0E16-B194-471E-AB0F-D7CAAEA0E27D}
		{A8983805-7A74-4E9D-897E-27BCC20FBA4F} = {A8983805-7A74-4E9D-897E-27BCC20FBA4F}
	EndProjectSection
EndProject
Project("{8BC9CEB8-8B4A-11D0-8D11-00A0C91BC942}") = "opencv_test_superres", "modules\superres\opencv_test_superres.vcproj", "{31F8F96D-D177-4A67-93EB-576A675AAC19}"
	ProjectSection(ProjectDependencies) = postProject
		{5AEF8B4A-0B37-4601-94A5-C7DCA714B69B} = {5AEF8B4A-0B37-4601-94A5-C7DCA714B69B}
		{49434DB1-FB22-4B14-AA45-7712AA88C4CB} = {49434DB1-FB22-4B14-AA45-7712AA88C4CB}
		{6117C562-4DDE-4608-81D1-23412B8B56DF} = {6117C562-4DDE-4608-81D1-23412B8B56DF}
		{016B534A-7575-437E-A1AA-420A8FDEBBE3} = {016B534A-7575-437E-A1AA-420A8FDEBBE3}
		{39AF6707-B052-495F-B7A1-D0974FD4B07D} = {39AF6707-B052-495F-B7A1-D0974FD4B07D}
		{088AE20C-ED0A-48B8-B843-417AAF0A880A} = {088AE20C-ED0A-48B8-B843-417AAF0A880A}
		{605ED2ED-6496-4755-BD88-B1E62C138995} = {605ED2ED-6496-4755-BD88-B1E62C138995}
		{4EAE0E16-B194-471E-AB0F-D7CAAEA0E27D} = {4EAE0E16-B194-471E-AB0F-D7CAAEA0E27D}
		{0E79B540-4B17-4236-98BB-14BC5A07D4E0} = {0E79B540-4B17-4236-98BB-14BC5A07D4E0}
		{A8983805-7A74-4E9D-897E-27BCC20FBA4F} = {A8983805-7A74-4E9D-897E-27BCC20FBA4F}
	EndProjectSection
EndProject
Project("{8BC9CEB8-8B4A-11D0-8D11-00A0C91BC942}") = "opencv_test_video", "modules\video\opencv_test_video.vcproj", "{4AA105BF-88E6-46BD-BD20-AD51A8CD5A89}"
	ProjectSection(ProjectDependencies) = postProject
		{5AEF8B4A-0B37-4601-94A5-C7DCA714B69B} = {5AEF8B4A-0B37-4601-94A5-C7DCA714B69B}
		{49434DB1-FB22-4B14-AA45-7712AA88C4CB} = {49434DB1-FB22-4B14-AA45-7712AA88C4CB}
		{6117C562-4DDE-4608-81D1-23412B8B56DF} = {6117C562-4DDE-4608-81D1-23412B8B56DF}
		{016B534A-7575-437E-A1AA-420A8FDEBBE3} = {016B534A-7575-437E-A1AA-420A8FDEBBE3}
		{39AF6707-B052-495F-B7A1-D0974FD4B07D} = {39AF6707-B052-495F-B7A1-D0974FD4B07D}
		{088AE20C-ED0A-48B8-B843-417AAF0A880A} = {088AE20C-ED0A-48B8-B843-417AAF0A880A}
		{4EAE0E16-B194-471E-AB0F-D7CAAEA0E27D} = {4EAE0E16-B194-471E-AB0F-D7CAAEA0E27D}
		{0E79B540-4B17-4236-98BB-14BC5A07D4E0} = {0E79B540-4B17-4236-98BB-14BC5A07D4E0}
		{A8983805-7A74-4E9D-897E-27BCC20FBA4F} = {A8983805-7A74-4E9D-897E-27BCC20FBA4F}
	EndProjectSection
EndProject
Project("{8BC9CEB8-8B4A-11D0-8D11-00A0C91BC942}") = "opencv_test_videoio", "modules\videoio\opencv_test_videoio.vcproj", "{A89DD91A-01C5-4C50-A645-A33F6A7D6B3C}"
	ProjectSection(ProjectDependencies) = postProject
		{5AEF8B4A-0B37-4601-94A5-C7DCA714B69B} = {5AEF8B4A-0B37-4601-94A5-C7DCA714B69B}
		{49434DB1-FB22-4B14-AA45-7712AA88C4CB} = {49434DB1-FB22-4B14-AA45-7712AA88C4CB}
		{6117C562-4DDE-4608-81D1-23412B8B56DF} = {6117C562-4DDE-4608-81D1-23412B8B56DF}
		{016B534A-7575-437E-A1AA-420A8FDEBBE3} = {016B534A-7575-437E-A1AA-420A8FDEBBE3}
		{39AF6707-B052-495F-B7A1-D0974FD4B07D} = {39AF6707-B052-495F-B7A1-D0974FD4B07D}
		{088AE20C-ED0A-48B8-B843-417AAF0A880A} = {088AE20C-ED0A-48B8-B843-417AAF0A880A}
		{4EAE0E16-B194-471E-AB0F-D7CAAEA0E27D} = {4EAE0E16-B194-471E-AB0F-D7CAAEA0E27D}
		{A8983805-7A74-4E9D-897E-27BCC20FBA4F} = {A8983805-7A74-4E9D-897E-27BCC20FBA4F}
	EndProjectSection
EndProject
Project("{8BC9CEB8-8B4A-11D0-8D11-00A0C91BC942}") = "opencv_tests", "opencv_tests.vcproj", "{EF766EBC-7A3C-424E-9F89-0A046F6992D4}"
	ProjectSection(ProjectDependencies) = postProject
		{5AEF8B4A-0B37-4601-94A5-C7DCA714B69B} = {5AEF8B4A-0B37-4601-94A5-C7DCA714B69B}
		{3F211CBA-05D8-4F28-94F0-3840C23F443D} = {3F211CBA-05D8-4F28-94F0-3840C23F443D}
		{A3781028-2D5E-456E-8DB8-A6CAADF7707D} = {A3781028-2D5E-456E-8DB8-A6CAADF7707D}
		{929F2B34-5B91-41EB-8406-5728F4C84C2B} = {929F2B34-5B91-41EB-8406-5728F4C84C2B}
		{20A5A0F8-D29F-455F-B1F5-B6826ECF22B1} = {20A5A0F8-D29F-455F-B1F5-B6826ECF22B1}
		{3F8F9AE8-BA74-460C-AFE2-F170F10B21F2} = {3F8F9AE8-BA74-460C-AFE2-F170F10B21F2}
		{30F69955-0C97-4556-B462-1EED97645214} = {30F69955-0C97-4556-B462-1EED97645214}
		{6509CC4B-95CE-4E0F-88FA-02D6166307EE} = {6509CC4B-95CE-4E0F-88FA-02D6166307EE}
		{ECAE6150-463F-450F-A6FE-26FEA019849C} = {ECAE6150-463F-450F-A6FE-26FEA019849C}
		{AB8E2126-3E36-4BC4-BB2A-DAAC651125C3} = {AB8E2126-3E36-4BC4-BB2A-DAAC651125C3}
		{DBC656AE-91C6-460E-9C95-9FC8F0035272} = {DBC656AE-91C6-460E-9C95-9FC8F0035272}
		{5126B7E4-9B34-4E77-8071-88247A4A2400} = {5126B7E4-9B34-4E77-8071-88247A4A2400}
		{3FCE3E61-895F-4E96-8B71-9FF3A011E25E} = {3FCE3E61-895F-4E96-8B71-9FF3A011E25E}
		{31F8F96D-D177-4A67-93EB-576A675AAC19} = {31F8F96D-D177-4A67-93EB-576A675AAC19}
		{4AA105BF-88E6-46BD-BD20-AD51A8CD5A89} = {4AA105BF-88E6-46BD-BD20-AD51A8CD5A89}
		{A89DD91A-01C5-4C50-A645-A33F6A7D6B3C} = {A89DD91A-01C5-4C50-A645-A33F6A7D6B3C}
	EndProjectSection
EndProject
Project("{8BC9CEB8-8B4A-11D0-8D11-00A0C91BC942}") = "opencv_traincascade", "apps\traincascade\opencv_traincascade.vcproj", "{3866FC3B-7DD6-4771-9508-074A1B55BCB1}"
	ProjectSection(ProjectDependencies) = postProject
		{5AEF8B4A-0B37-4601-94A5-C7DCA714B69B} = {5AEF8B4A-0B37-4601-94A5-C7DCA714B69B}
		{10CE522F-B672-446B-8E2F-9571A7DE87E7} = {10CE522F-B672-446B-8E2F-9571A7DE87E7}
		{49434DB1-FB22-4B14-AA45-7712AA88C4CB} = {49434DB1-FB22-4B14-AA45-7712AA88C4CB}
		{2E2F83F2-4E1F-44D3-846C-DB333128A444} = {2E2F83F2-4E1F-44D3-846C-DB333128A444}
		{A61318E0-9CEA-4EBE-93FF-F147885AEA50} = {A61318E0-9CEA-4EBE-93FF-F147885AEA50}
		{6117C562-4DDE-4608-81D1-23412B8B56DF} = {6117C562-4DDE-4608-81D1-23412B8B56DF}
		{016B534A-7575-437E-A1AA-420A8FDEBBE3} = {016B534A-7575-437E-A1AA-420A8FDEBBE3}
		{39AF6707-B052-495F-B7A1-D0974FD4B07D} = {39AF6707-B052-495F-B7A1-D0974FD4B07D}
		{088AE20C-ED0A-48B8-B843-417AAF0A880A} = {088AE20C-ED0A-48B8-B843-417AAF0A880A}
		{85D9F5E6-0AC8-4780-B23A-8DE6DC557732} = {85D9F5E6-0AC8-4780-B23A-8DE6DC557732}
		{F4EEB147-FD7A-457E-9391-9C6DD745DB72} = {F4EEB147-FD7A-457E-9391-9C6DD745DB72}
		{A8983805-7A74-4E9D-897E-27BCC20FBA4F} = {A8983805-7A74-4E9D-897E-27BCC20FBA4F}
	EndProjectSection
EndProject
Project("{8BC9CEB8-8B4A-11D0-8D11-00A0C91BC942}") = "opencv_ts", "modules\ts\opencv_ts.vcproj", "{4EAE0E16-B194-471E-AB0F-D7CAAEA0E27D}"
	ProjectSection(ProjectDependencies) = postProject
		{5AEF8B4A-0B37-4601-94A5-C7DCA714B69B} = {5AEF8B4A-0B37-4601-94A5-C7DCA714B69B}
		{49434DB1-FB22-4B14-AA45-7712AA88C4CB} = {49434DB1-FB22-4B14-AA45-7712AA88C4CB}
		{6117C562-4DDE-4608-81D1-23412B8B56DF} = {6117C562-4DDE-4608-81D1-23412B8B56DF}
		{016B534A-7575-437E-A1AA-420A8FDEBBE3} = {016B534A-7575-437E-A1AA-420A8FDEBBE3}
		{39AF6707-B052-495F-B7A1-D0974FD4B07D} = {39AF6707-B052-495F-B7A1-D0974FD4B07D}
		{088AE20C-ED0A-48B8-B843-417AAF0A880A} = {088AE20C-ED0A-48B8-B843-417AAF0A880A}
		{A8983805-7A74-4E9D-897E-27BCC20FBA4F} = {A8983805-7A74-4E9D-897E-27BCC20FBA4F}
	EndProjectSection
EndProject
Project("{8BC9CEB8-8B4A-11D0-8D11-00A0C91BC942}") = "opencv_video", "modules\video\opencv_video.vcproj", "{0E79B540-4B17-4236-98BB-14BC5A07D4E0}"
	ProjectSection(ProjectDependencies) = postProject
		{5AEF8B4A-0B37-4601-94A5-C7DCA714B69B} = {5AEF8B4A-0B37-4601-94A5-C7DCA714B69B}
		{49434DB1-FB22-4B14-AA45-7712AA88C4CB} = {49434DB1-FB22-4B14-AA45-7712AA88C4CB}
		{6117C562-4DDE-4608-81D1-23412B8B56DF} = {6117C562-4DDE-4608-81D1-23412B8B56DF}
		{088AE20C-ED0A-48B8-B843-417AAF0A880A} = {088AE20C-ED0A-48B8-B843-417AAF0A880A}
	EndProjectSection
EndProject
Project("{8BC9CEB8-8B4A-11D0-8D11-00A0C91BC942}") = "opencv_video_object", "modules\video\opencv_video_object.vcproj", "{E6ED27E0-D2F8-414E-BA61-3903679EDB71}"
	ProjectSection(ProjectDependencies) = postProject
		{5AEF8B4A-0B37-4601-94A5-C7DCA714B69B} = {5AEF8B4A-0B37-4601-94A5-C7DCA714B69B}
	EndProjectSection
EndProject
Project("{8BC9CEB8-8B4A-11D0-8D11-00A0C91BC942}") = "opencv_videoio", "modules\videoio\opencv_videoio.vcproj", "{A8983805-7A74-4E9D-897E-27BCC20FBA4F}"
	ProjectSection(ProjectDependencies) = postProject
		{5AEF8B4A-0B37-4601-94A5-C7DCA714B69B} = {5AEF8B4A-0B37-4601-94A5-C7DCA714B69B}
		{49434DB1-FB22-4B14-AA45-7712AA88C4CB} = {49434DB1-FB22-4B14-AA45-7712AA88C4CB}
		{6117C562-4DDE-4608-81D1-23412B8B56DF} = {6117C562-4DDE-4608-81D1-23412B8B56DF}
		{39AF6707-B052-495F-B7A1-D0974FD4B07D} = {39AF6707-B052-495F-B7A1-D0974FD4B07D}
		{088AE20C-ED0A-48B8-B843-417AAF0A880A} = {088AE20C-ED0A-48B8-B843-417AAF0A880A}
	EndProjectSection
EndProject
Project("{8BC9CEB8-8B4A-11D0-8D11-00A0C91BC942}") = "opencv_videoio_object", "modules\videoio\opencv_videoio_object.vcproj", "{AF7644BF-4E87-45E8-9DC1-CECA25D2C6D0}"
	ProjectSection(ProjectDependencies) = postProject
		{5AEF8B4A-0B37-4601-94A5-C7DCA714B69B} = {5AEF8B4A-0B37-4601-94A5-C7DCA714B69B}
	EndProjectSection
EndProject
Project("{8BC9CEB8-8B4A-11D0-8D11-00A0C91BC942}") = "opencv_videostab", "modules\videostab\opencv_videostab.vcproj", "{C6FF3076-DE98-43DF-94BD-E0226CA21AA1}"
	ProjectSection(ProjectDependencies) = postProject
		{5AEF8B4A-0B37-4601-94A5-C7DCA714B69B} = {5AEF8B4A-0B37-4601-94A5-C7DCA714B69B}
		{10CE522F-B672-446B-8E2F-9571A7DE87E7} = {10CE522F-B672-446B-8E2F-9571A7DE87E7}
		{49434DB1-FB22-4B14-AA45-7712AA88C4CB} = {49434DB1-FB22-4B14-AA45-7712AA88C4CB}
		{2E2F83F2-4E1F-44D3-846C-DB333128A444} = {2E2F83F2-4E1F-44D3-846C-DB333128A444}
		{A61318E0-9CEA-4EBE-93FF-F147885AEA50} = {A61318E0-9CEA-4EBE-93FF-F147885AEA50}
		{6117C562-4DDE-4608-81D1-23412B8B56DF} = {6117C562-4DDE-4608-81D1-23412B8B56DF}
		{016B534A-7575-437E-A1AA-420A8FDEBBE3} = {016B534A-7575-437E-A1AA-420A8FDEBBE3}
		{39AF6707-B052-495F-B7A1-D0974FD4B07D} = {39AF6707-B052-495F-B7A1-D0974FD4B07D}
		{088AE20C-ED0A-48B8-B843-417AAF0A880A} = {088AE20C-ED0A-48B8-B843-417AAF0A880A}
		{85D9F5E6-0AC8-4780-B23A-8DE6DC557732} = {85D9F5E6-0AC8-4780-B23A-8DE6DC557732}
		{3F4E64C0-C9F7-4CA1-8D45-934F4262CA11} = {3F4E64C0-C9F7-4CA1-8D45-934F4262CA11}
		{0E79B540-4B17-4236-98BB-14BC5A07D4E0} = {0E79B540-4B17-4236-98BB-14BC5A07D4E0}
		{A8983805-7A74-4E9D-897E-27BCC20FBA4F} = {A8983805-7A74-4E9D-897E-27BCC20FBA4F}
	EndProjectSection
EndProject
Project("{8BC9CEB8-8B4A-11D0-8D11-00A0C91BC942}") = "opencv_videostab_object", "modules\videostab\opencv_videostab_object.vcproj", "{FE835AF1-9DE3-4C54-8F3B-34052C0182F0}"
	ProjectSection(ProjectDependencies) = postProject
		{5AEF8B4A-0B37-4601-94A5-C7DCA714B69B} = {5AEF8B4A-0B37-4601-94A5-C7DCA714B69B}
	EndProjectSection
EndProject
Project("{8BC9CEB8-8B4A-11D0-8D11-00A0C91BC942}") = "uninstall", "uninstall.vcproj", "{DEC62136-129D-42FA-940E-54CC438C0FB5}"
	ProjectSection(ProjectDependencies) = postProject
		{5AEF8B4A-0B37-4601-94A5-C7DCA714B69B} = {5AEF8B4A-0B37-4601-94A5-C7DCA714B69B}
	EndProjectSection
EndProject
Project("{8BC9CEB8-8B4A-11D0-8D11-00A0C91BC942}") = "zlib", "3rdparty\zlib\zlib.vcproj", "{51EAE3D2-24D5-46D6-8A61-D62D25859CDA}"
	ProjectSection(ProjectDependencies) = postProject
		{5AEF8B4A-0B37-4601-94A5-C7DCA714B69B} = {5AEF8B4A-0B37-4601-94A5-C7DCA714B69B}
	EndProjectSection
EndProject
Project("{2150E333-8FDC-42A3-9474-1A3956D46DE8}") = "3rdparty", "3rdparty", "{A3C48F2E-5359-419D-B286-78FA7F64A451}"
EndProject
Project("{2150E333-8FDC-42A3-9474-1A3956D46DE8}") = "CMakeTargets", "CMakeTargets", "{FDFAF763-6B36-4E38-BCEA-FF4401E04937}"
EndProject
Project("{2150E333-8FDC-42A3-9474-1A3956D46DE8}") = "applications", "applications", "{D08BD2DB-A5B9-470A-852F-1539709493A9}"
EndProject
Project("{2150E333-8FDC-42A3-9474-1A3956D46DE8}") = "extra", "extra", "{D2ACB411-B7FC-4B47-8859-1A052C0C9A11}"
EndProject
Project("{2150E333-8FDC-42A3-9474-1A3956D46DE8}") = "modules", "modules", "{24CFD138-7C73-421D-9228-1BDDD270BC5D}"
EndProject
Project("{2150E333-8FDC-42A3-9474-1A3956D46DE8}") = "object_libraries", "object_libraries", "{CD75BFEA-38C5-434C-BBD3-BDA479F67177}"
EndProject
Project("{2150E333-8FDC-42A3-9474-1A3956D46DE8}") = "tests accuracy", "tests accuracy", "{7F9C4E06-0881-4E2A-AA82-F4BA0CC69DAF}"
EndProject
Project("{2150E333-8FDC-42A3-9474-1A3956D46DE8}") = "tests performance", "tests performance", "{1A80AB4E-5B81-4D1E-9EB0-DCB09FAE184B}"
EndProject
Global
	GlobalSection(SolutionConfigurationPlatforms) = preSolution
		Debug|Win32 = Debug|Win32
		Release|Win32 = Release|Win32
	EndGlobalSection
	GlobalSection(ProjectConfigurationPlatforms) = postSolution
		{20F691F8-C53F-47C0-8E54-BDFC7D83F5D1}.Debug|Win32.ActiveCfg = Debug|Win32
		{20F691F8-C53F-47C0-8E54-BDFC7D83F5D1}.Debug|Win32.Build.0 = Debug|Win32
		{20F691F8-C53F-47C0-8E54-BDFC7D83F5D1}.Release|Win32.ActiveCfg = Release|Win32
		{20F691F8-C53F-47C0-8E54-BDFC7D83F5D1}.Release|Win32.Build.0 = Release|Win32
		{66ADE48B-1AA9-4278-B738-AC7050EC33F2}.Debug|Win32.ActiveCfg = Debug|Win32
		{66ADE48B-1AA9-4278-B738-AC7050EC33F2}.Release|Win32.ActiveCfg = Release|Win32
		{6EF742F2-F632-432F-A551-F699E7694208}.Debug|Win32.ActiveCfg = Debug|Win32
		{6EF742F2-F632-432F-A551-F699E7694208}.Debug|Win32.Build.0 = Debug|Win32
		{6EF742F2-F632-432F-A551-F699E7694208}.Release|Win32.ActiveCfg = Release|Win32
		{6EF742F2-F632-432F-A551-F699E7694208}.Release|Win32.Build.0 = Release|Win32
		{C30387F6-0931-491D-A49F-67090DC05387}.Debug|Win32.ActiveCfg = Debug|Win32
		{C30387F6-0931-491D-A49F-67090DC05387}.Release|Win32.ActiveCfg = Release|Win32
		{5AEF8B4A-0B37-4601-94A5-C7DCA714B69B}.Debug|Win32.ActiveCfg = Debug|Win32
		{5AEF8B4A-0B37-4601-94A5-C7DCA714B69B}.Debug|Win32.Build.0 = Debug|Win32
		{5AEF8B4A-0B37-4601-94A5-C7DCA714B69B}.Release|Win32.ActiveCfg = Release|Win32
		{5AEF8B4A-0B37-4601-94A5-C7DCA714B69B}.Release|Win32.Build.0 = Release|Win32
		{D70DD6E3-0E06-488F-BBC1-C2D70B093AB1}.Debug|Win32.ActiveCfg = Debug|Win32
		{D70DD6E3-0E06-488F-BBC1-C2D70B093AB1}.Debug|Win32.Build.0 = Debug|Win32
		{D70DD6E3-0E06-488F-BBC1-C2D70B093AB1}.Release|Win32.ActiveCfg = Release|Win32
		{D70DD6E3-0E06-488F-BBC1-C2D70B093AB1}.Release|Win32.Build.0 = Release|Win32
		{CCF12506-8AA3-408F-BA73-0B04AC2C865D}.Debug|Win32.ActiveCfg = Debug|Win32
		{CCF12506-8AA3-408F-BA73-0B04AC2C865D}.Debug|Win32.Build.0 = Debug|Win32
		{CCF12506-8AA3-408F-BA73-0B04AC2C865D}.Release|Win32.ActiveCfg = Release|Win32
		{CCF12506-8AA3-408F-BA73-0B04AC2C865D}.Release|Win32.Build.0 = Release|Win32
		{7C103A77-A986-4A8E-B424-9E136C2F9CE2}.Debug|Win32.ActiveCfg = Debug|Win32
		{7C103A77-A986-4A8E-B424-9E136C2F9CE2}.Debug|Win32.Build.0 = Debug|Win32
		{7C103A77-A986-4A8E-B424-9E136C2F9CE2}.Release|Win32.ActiveCfg = Release|Win32
		{7C103A77-A986-4A8E-B424-9E136C2F9CE2}.Release|Win32.Build.0 = Release|Win32
		{760C9B0F-E137-4360-B8DE-E3F959FE7074}.Debug|Win32.ActiveCfg = Debug|Win32
		{760C9B0F-E137-4360-B8DE-E3F959FE7074}.Debug|Win32.Build.0 = Debug|Win32
		{760C9B0F-E137-4360-B8DE-E3F959FE7074}.Release|Win32.ActiveCfg = Release|Win32
		{760C9B0F-E137-4360-B8DE-E3F959FE7074}.Release|Win32.Build.0 = Release|Win32
		{DF91D60E-2740-4269-8A4E-F3E612B98FC3}.Debug|Win32.ActiveCfg = Debug|Win32
		{DF91D60E-2740-4269-8A4E-F3E612B98FC3}.Debug|Win32.Build.0 = Debug|Win32
		{DF91D60E-2740-4269-8A4E-F3E612B98FC3}.Release|Win32.ActiveCfg = Release|Win32
		{DF91D60E-2740-4269-8A4E-F3E612B98FC3}.Release|Win32.Build.0 = Release|Win32
		{C8159276-AECA-4205-A53A-025E2883255E}.Debug|Win32.ActiveCfg = Debug|Win32
		{C8159276-AECA-4205-A53A-025E2883255E}.Debug|Win32.Build.0 = Debug|Win32
		{C8159276-AECA-4205-A53A-025E2883255E}.Release|Win32.ActiveCfg = Release|Win32
		{C8159276-AECA-4205-A53A-025E2883255E}.Release|Win32.Build.0 = Release|Win32
		{10CE522F-B672-446B-8E2F-9571A7DE87E7}.Debug|Win32.ActiveCfg = Debug|Win32
		{10CE522F-B672-446B-8E2F-9571A7DE87E7}.Debug|Win32.Build.0 = Debug|Win32
		{10CE522F-B672-446B-8E2F-9571A7DE87E7}.Release|Win32.ActiveCfg = Release|Win32
		{10CE522F-B672-446B-8E2F-9571A7DE87E7}.Release|Win32.Build.0 = Release|Win32
		{13A82383-3C94-4498-B199-D60EE4F75391}.Debug|Win32.ActiveCfg = Debug|Win32
		{13A82383-3C94-4498-B199-D60EE4F75391}.Release|Win32.ActiveCfg = Release|Win32
		{49434DB1-FB22-4B14-AA45-7712AA88C4CB}.Debug|Win32.ActiveCfg = Debug|Win32
		{49434DB1-FB22-4B14-AA45-7712AA88C4CB}.Debug|Win32.Build.0 = Debug|Win32
		{49434DB1-FB22-4B14-AA45-7712AA88C4CB}.Release|Win32.ActiveCfg = Release|Win32
		{49434DB1-FB22-4B14-AA45-7712AA88C4CB}.Release|Win32.Build.0 = Release|Win32
		{912D5B39-01E0-4604-8AC8-9296532C2B55}.Debug|Win32.ActiveCfg = Debug|Win32
		{912D5B39-01E0-4604-8AC8-9296532C2B55}.Release|Win32.ActiveCfg = Release|Win32
		{AE06419A-84CA-4BAE-B433-BA0A0F1A554A}.Debug|Win32.ActiveCfg = Debug|Win32
		{AE06419A-84CA-4BAE-B433-BA0A0F1A554A}.Debug|Win32.Build.0 = Debug|Win32
		{AE06419A-84CA-4BAE-B433-BA0A0F1A554A}.Release|Win32.ActiveCfg = Release|Win32
		{AE06419A-84CA-4BAE-B433-BA0A0F1A554A}.Release|Win32.Build.0 = Release|Win32
		{2E2F83F2-4E1F-44D3-846C-DB333128A444}.Debug|Win32.ActiveCfg = Debug|Win32
		{2E2F83F2-4E1F-44D3-846C-DB333128A444}.Debug|Win32.Build.0 = Debug|Win32
		{2E2F83F2-4E1F-44D3-846C-DB333128A444}.Release|Win32.ActiveCfg = Release|Win32
		{2E2F83F2-4E1F-44D3-846C-DB333128A444}.Release|Win32.Build.0 = Release|Win32
		{B5F064AB-4E99-4CBA-9F93-C4691977F812}.Debug|Win32.ActiveCfg = Debug|Win32
		{B5F064AB-4E99-4CBA-9F93-C4691977F812}.Release|Win32.ActiveCfg = Release|Win32
		{A61318E0-9CEA-4EBE-93FF-F147885AEA50}.Debug|Win32.ActiveCfg = Debug|Win32
		{A61318E0-9CEA-4EBE-93FF-F147885AEA50}.Debug|Win32.Build.0 = Debug|Win32
		{A61318E0-9CEA-4EBE-93FF-F147885AEA50}.Release|Win32.ActiveCfg = Release|Win32
		{A61318E0-9CEA-4EBE-93FF-F147885AEA50}.Release|Win32.Build.0 = Release|Win32
		{D983DF01-9453-4977-B087-1767FE638EE0}.Debug|Win32.ActiveCfg = Debug|Win32
		{D983DF01-9453-4977-B087-1767FE638EE0}.Release|Win32.ActiveCfg = Release|Win32
		{6117C562-4DDE-4608-81D1-23412B8B56DF}.Debug|Win32.ActiveCfg = Debug|Win32
		{6117C562-4DDE-4608-81D1-23412B8B56DF}.Debug|Win32.Build.0 = Debug|Win32
		{6117C562-4DDE-4608-81D1-23412B8B56DF}.Release|Win32.ActiveCfg = Release|Win32
		{6117C562-4DDE-4608-81D1-23412B8B56DF}.Release|Win32.Build.0 = Release|Win32
		{60D4FCEB-8107-43DB-83AD-7CEE2400BF79}.Debug|Win32.ActiveCfg = Debug|Win32
		{60D4FCEB-8107-43DB-83AD-7CEE2400BF79}.Release|Win32.ActiveCfg = Release|Win32
		{016B534A-7575-437E-A1AA-420A8FDEBBE3}.Debug|Win32.ActiveCfg = Debug|Win32
		{016B534A-7575-437E-A1AA-420A8FDEBBE3}.Debug|Win32.Build.0 = Debug|Win32
		{016B534A-7575-437E-A1AA-420A8FDEBBE3}.Release|Win32.ActiveCfg = Release|Win32
		{016B534A-7575-437E-A1AA-420A8FDEBBE3}.Release|Win32.Build.0 = Release|Win32
		{A9B3BA56-EB50-4A50-AEC0-904A04BD3738}.Debug|Win32.ActiveCfg = Debug|Win32
		{A9B3BA56-EB50-4A50-AEC0-904A04BD3738}.Release|Win32.ActiveCfg = Release|Win32
		{39AF6707-B052-495F-B7A1-D0974FD4B07D}.Debug|Win32.ActiveCfg = Debug|Win32
		{39AF6707-B052-495F-B7A1-D0974FD4B07D}.Debug|Win32.Build.0 = Debug|Win32
		{39AF6707-B052-495F-B7A1-D0974FD4B07D}.Release|Win32.ActiveCfg = Release|Win32
		{39AF6707-B052-495F-B7A1-D0974FD4B07D}.Release|Win32.Build.0 = Release|Win32
		{CBBEB3EF-77F7-4AD4-8359-FAC38E6C517D}.Debug|Win32.ActiveCfg = Debug|Win32
		{CBBEB3EF-77F7-4AD4-8359-FAC38E6C517D}.Release|Win32.ActiveCfg = Release|Win32
		{088AE20C-ED0A-48B8-B843-417AAF0A880A}.Debug|Win32.ActiveCfg = Debug|Win32
		{088AE20C-ED0A-48B8-B843-417AAF0A880A}.Debug|Win32.Build.0 = Debug|Win32
		{088AE20C-ED0A-48B8-B843-417AAF0A880A}.Release|Win32.ActiveCfg = Release|Win32
		{088AE20C-ED0A-48B8-B843-417AAF0A880A}.Release|Win32.Build.0 = Release|Win32
		{FFEDA648-CFA5-4A6E-B8C9-92F0F776C834}.Debug|Win32.ActiveCfg = Debug|Win32
		{FFEDA648-CFA5-4A6E-B8C9-92F0F776C834}.Release|Win32.ActiveCfg = Release|Win32
		{85D9F5E6-0AC8-4780-B23A-8DE6DC557732}.Debug|Win32.ActiveCfg = Debug|Win32
		{85D9F5E6-0AC8-4780-B23A-8DE6DC557732}.Debug|Win32.Build.0 = Debug|Win32
		{85D9F5E6-0AC8-4780-B23A-8DE6DC557732}.Release|Win32.ActiveCfg = Release|Win32
		{85D9F5E6-0AC8-4780-B23A-8DE6DC557732}.Release|Win32.Build.0 = Release|Win32
		{25DD600F-7CA7-4177-830D-3D00278E8838}.Debug|Win32.ActiveCfg = Debug|Win32
		{25DD600F-7CA7-4177-830D-3D00278E8838}.Release|Win32.ActiveCfg = Release|Win32
		{D5C55C53-E62C-494B-884F-CC81A0242F3B}.Debug|Win32.ActiveCfg = Debug|Win32
		{D5C55C53-E62C-494B-884F-CC81A0242F3B}.Release|Win32.ActiveCfg = Release|Win32
		{F4EEB147-FD7A-457E-9391-9C6DD745DB72}.Debug|Win32.ActiveCfg = Debug|Win32
		{F4EEB147-FD7A-457E-9391-9C6DD745DB72}.Debug|Win32.Build.0 = Debug|Win32
		{F4EEB147-FD7A-457E-9391-9C6DD745DB72}.Release|Win32.ActiveCfg = Release|Win32
		{F4EEB147-FD7A-457E-9391-9C6DD745DB72}.Release|Win32.Build.0 = Release|Win32
		{FD42D775-44F9-45A4-802A-001E27D70E25}.Debug|Win32.ActiveCfg = Debug|Win32
		{FD42D775-44F9-45A4-802A-001E27D70E25}.Release|Win32.ActiveCfg = Release|Win32
		{5108376A-F770-434E-9FCF-6896FD699006}.Debug|Win32.ActiveCfg = Debug|Win32
		{5108376A-F770-434E-9FCF-6896FD699006}.Debug|Win32.Build.0 = Debug|Win32
		{5108376A-F770-434E-9FCF-6896FD699006}.Release|Win32.ActiveCfg = Release|Win32
		{5108376A-F770-434E-9FCF-6896FD699006}.Release|Win32.Build.0 = Release|Win32
		{62A240C5-61FB-4D85-8550-0C59C379F291}.Debug|Win32.ActiveCfg = Debug|Win32
		{62A240C5-61FB-4D85-8550-0C59C379F291}.Debug|Win32.Build.0 = Debug|Win32
		{62A240C5-61FB-4D85-8550-0C59C379F291}.Release|Win32.ActiveCfg = Release|Win32
		{62A240C5-61FB-4D85-8550-0C59C379F291}.Release|Win32.Build.0 = Release|Win32
		{2BE835D6-9D49-4BEA-8DA9-9CC00D6D9986}.Debug|Win32.ActiveCfg = Debug|Win32
		{2BE835D6-9D49-4BEA-8DA9-9CC00D6D9986}.Debug|Win32.Build.0 = Debug|Win32
		{2BE835D6-9D49-4BEA-8DA9-9CC00D6D9986}.Release|Win32.ActiveCfg = Release|Win32
		{2BE835D6-9D49-4BEA-8DA9-9CC00D6D9986}.Release|Win32.Build.0 = Release|Win32
		{DBCEE0CF-C8C3-4E58-AB72-DA3530D89E3A}.Debug|Win32.ActiveCfg = Debug|Win32
		{DBCEE0CF-C8C3-4E58-AB72-DA3530D89E3A}.Debug|Win32.Build.0 = Debug|Win32
		{DBCEE0CF-C8C3-4E58-AB72-DA3530D89E3A}.Release|Win32.ActiveCfg = Release|Win32
		{DBCEE0CF-C8C3-4E58-AB72-DA3530D89E3A}.Release|Win32.Build.0 = Release|Win32
		{51847D05-7E00-4C3D-9C8C-64C0DAEB67AB}.Debug|Win32.ActiveCfg = Debug|Win32
		{51847D05-7E00-4C3D-9C8C-64C0DAEB67AB}.Debug|Win32.Build.0 = Debug|Win32
		{51847D05-7E00-4C3D-9C8C-64C0DAEB67AB}.Release|Win32.ActiveCfg = Release|Win32
		{51847D05-7E00-4C3D-9C8C-64C0DAEB67AB}.Release|Win32.Build.0 = Release|Win32
		{DB29B7F2-46B4-4BAB-9D7E-D08EF38A4B4E}.Debug|Win32.ActiveCfg = Debug|Win32
		{DB29B7F2-46B4-4BAB-9D7E-D08EF38A4B4E}.Debug|Win32.Build.0 = Debug|Win32
		{DB29B7F2-46B4-4BAB-9D7E-D08EF38A4B4E}.Release|Win32.ActiveCfg = Release|Win32
		{DB29B7F2-46B4-4BAB-9D7E-D08EF38A4B4E}.Release|Win32.Build.0 = Release|Win32
		{255EBE96-94A2-4C5E-B359-9708CE02B4B1}.Debug|Win32.ActiveCfg = Debug|Win32
		{255EBE96-94A2-4C5E-B359-9708CE02B4B1}.Debug|Win32.Build.0 = Debug|Win32
		{255EBE96-94A2-4C5E-B359-9708CE02B4B1}.Release|Win32.ActiveCfg = Release|Win32
		{255EBE96-94A2-4C5E-B359-9708CE02B4B1}.Release|Win32.Build.0 = Release|Win32
		{5E5BABBF-C340-4087-9721-C2A4629B79F1}.Debug|Win32.ActiveCfg = Debug|Win32
		{5E5BABBF-C340-4087-9721-C2A4629B79F1}.Debug|Win32.Build.0 = Debug|Win32
		{5E5BABBF-C340-4087-9721-C2A4629B79F1}.Release|Win32.ActiveCfg = Release|Win32
		{5E5BABBF-C340-4087-9721-C2A4629B79F1}.Release|Win32.Build.0 = Release|Win32
		{E6FBAC46-6448-44A9-9E82-F401D0F66D37}.Debug|Win32.ActiveCfg = Debug|Win32
		{E6FBAC46-6448-44A9-9E82-F401D0F66D37}.Debug|Win32.Build.0 = Debug|Win32
		{E6FBAC46-6448-44A9-9E82-F401D0F66D37}.Release|Win32.ActiveCfg = Release|Win32
		{E6FBAC46-6448-44A9-9E82-F401D0F66D37}.Release|Win32.Build.0 = Release|Win32
		{12A50052-86AC-4483-9CBB-8539ED530871}.Debug|Win32.ActiveCfg = Debug|Win32
		{12A50052-86AC-4483-9CBB-8539ED530871}.Release|Win32.ActiveCfg = Release|Win32
		{73081B2E-2FDD-46A0-B61D-0DAD54C886CF}.Debug|Win32.ActiveCfg = Debug|Win32
		{73081B2E-2FDD-46A0-B61D-0DAD54C886CF}.Debug|Win32.Build.0 = Debug|Win32
		{73081B2E-2FDD-46A0-B61D-0DAD54C886CF}.Release|Win32.ActiveCfg = Release|Win32
		{73081B2E-2FDD-46A0-B61D-0DAD54C886CF}.Release|Win32.Build.0 = Release|Win32
		{6E6601B1-0E1E-459F-8D07-EC0377AD3CB5}.Debug|Win32.ActiveCfg = Debug|Win32
		{6E6601B1-0E1E-459F-8D07-EC0377AD3CB5}.Debug|Win32.Build.0 = Debug|Win32
		{6E6601B1-0E1E-459F-8D07-EC0377AD3CB5}.Release|Win32.ActiveCfg = Release|Win32
		{6E6601B1-0E1E-459F-8D07-EC0377AD3CB5}.Release|Win32.Build.0 = Release|Win32
		{3F4E64C0-C9F7-4CA1-8D45-934F4262CA11}.Debug|Win32.ActiveCfg = Debug|Win32
		{3F4E64C0-C9F7-4CA1-8D45-934F4262CA11}.Debug|Win32.Build.0 = Debug|Win32
		{3F4E64C0-C9F7-4CA1-8D45-934F4262CA11}.Release|Win32.ActiveCfg = Release|Win32
		{3F4E64C0-C9F7-4CA1-8D45-934F4262CA11}.Release|Win32.Build.0 = Release|Win32
		{B0EE4DEE-9B54-4045-BE36-74D8753B99B7}.Debug|Win32.ActiveCfg = Debug|Win32
		{B0EE4DEE-9B54-4045-BE36-74D8753B99B7}.Release|Win32.ActiveCfg = Release|Win32
		{9C70AF9F-54B7-4C8A-99E2-39F2A4455775}.Debug|Win32.ActiveCfg = Debug|Win32
		{9C70AF9F-54B7-4C8A-99E2-39F2A4455775}.Debug|Win32.Build.0 = Debug|Win32
		{9C70AF9F-54B7-4C8A-99E2-39F2A4455775}.Release|Win32.ActiveCfg = Release|Win32
		{9C70AF9F-54B7-4C8A-99E2-39F2A4455775}.Release|Win32.Build.0 = Release|Win32
		{D3DE442E-6A19-4195-9B7B-4EE85BA080D8}.Debug|Win32.ActiveCfg = Debug|Win32
		{D3DE442E-6A19-4195-9B7B-4EE85BA080D8}.Release|Win32.ActiveCfg = Release|Win32
		{3ABBF52F-F5D9-4546-833A-1F7BD06FCB11}.Debug|Win32.ActiveCfg = Debug|Win32
		{3ABBF52F-F5D9-4546-833A-1F7BD06FCB11}.Debug|Win32.Build.0 = Debug|Win32
		{3ABBF52F-F5D9-4546-833A-1F7BD06FCB11}.Release|Win32.ActiveCfg = Release|Win32
		{3ABBF52F-F5D9-4546-833A-1F7BD06FCB11}.Release|Win32.Build.0 = Release|Win32
		{654A90D3-71B8-47A4-80F4-61ADC77200EA}.Debug|Win32.ActiveCfg = Debug|Win32
		{654A90D3-71B8-47A4-80F4-61ADC77200EA}.Release|Win32.ActiveCfg = Release|Win32
		{605ED2ED-6496-4755-BD88-B1E62C138995}.Debug|Win32.ActiveCfg = Debug|Win32
		{605ED2ED-6496-4755-BD88-B1E62C138995}.Debug|Win32.Build.0 = Debug|Win32
		{605ED2ED-6496-4755-BD88-B1E62C138995}.Release|Win32.ActiveCfg = Release|Win32
		{605ED2ED-6496-4755-BD88-B1E62C138995}.Release|Win32.Build.0 = Release|Win32
		{9130B347-4372-45B5-8C1A-C2E097ECA70F}.Debug|Win32.ActiveCfg = Debug|Win32
		{9130B347-4372-45B5-8C1A-C2E097ECA70F}.Release|Win32.ActiveCfg = Release|Win32
		{3F211CBA-05D8-4F28-94F0-3840C23F443D}.Debug|Win32.ActiveCfg = Debug|Win32
		{3F211CBA-05D8-4F28-94F0-3840C23F443D}.Debug|Win32.Build.0 = Debug|Win32
		{3F211CBA-05D8-4F28-94F0-3840C23F443D}.Release|Win32.ActiveCfg = Release|Win32
		{3F211CBA-05D8-4F28-94F0-3840C23F443D}.Release|Win32.Build.0 = Release|Win32
		{A3781028-2D5E-456E-8DB8-A6CAADF7707D}.Debug|Win32.ActiveCfg = Debug|Win32
		{A3781028-2D5E-456E-8DB8-A6CAADF7707D}.Debug|Win32.Build.0 = Debug|Win32
		{A3781028-2D5E-456E-8DB8-A6CAADF7707D}.Release|Win32.ActiveCfg = Release|Win32
		{A3781028-2D5E-456E-8DB8-A6CAADF7707D}.Release|Win32.Build.0 = Release|Win32
		{929F2B34-5B91-41EB-8406-5728F4C84C2B}.Debug|Win32.ActiveCfg = Debug|Win32
		{929F2B34-5B91-41EB-8406-5728F4C84C2B}.Debug|Win32.Build.0 = Debug|Win32
		{929F2B34-5B91-41EB-8406-5728F4C84C2B}.Release|Win32.ActiveCfg = Release|Win32
		{929F2B34-5B91-41EB-8406-5728F4C84C2B}.Release|Win32.Build.0 = Release|Win32
		{20A5A0F8-D29F-455F-B1F5-B6826ECF22B1}.Debug|Win32.ActiveCfg = Debug|Win32
		{20A5A0F8-D29F-455F-B1F5-B6826ECF22B1}.Debug|Win32.Build.0 = Debug|Win32
		{20A5A0F8-D29F-455F-B1F5-B6826ECF22B1}.Release|Win32.ActiveCfg = Release|Win32
		{20A5A0F8-D29F-455F-B1F5-B6826ECF22B1}.Release|Win32.Build.0 = Release|Win32
		{3F8F9AE8-BA74-460C-AFE2-F170F10B21F2}.Debug|Win32.ActiveCfg = Debug|Win32
		{3F8F9AE8-BA74-460C-AFE2-F170F10B21F2}.Debug|Win32.Build.0 = Debug|Win32
		{3F8F9AE8-BA74-460C-AFE2-F170F10B21F2}.Release|Win32.ActiveCfg = Release|Win32
		{3F8F9AE8-BA74-460C-AFE2-F170F10B21F2}.Release|Win32.Build.0 = Release|Win32
		{30F69955-0C97-4556-B462-1EED97645214}.Debug|Win32.ActiveCfg = Debug|Win32
		{30F69955-0C97-4556-B462-1EED97645214}.Debug|Win32.Build.0 = Debug|Win32
		{30F69955-0C97-4556-B462-1EED97645214}.Release|Win32.ActiveCfg = Release|Win32
		{30F69955-0C97-4556-B462-1EED97645214}.Release|Win32.Build.0 = Release|Win32
		{6509CC4B-95CE-4E0F-88FA-02D6166307EE}.Debug|Win32.ActiveCfg = Debug|Win32
		{6509CC4B-95CE-4E0F-88FA-02D6166307EE}.Debug|Win32.Build.0 = Debug|Win32
		{6509CC4B-95CE-4E0F-88FA-02D6166307EE}.Release|Win32.ActiveCfg = Release|Win32
		{6509CC4B-95CE-4E0F-88FA-02D6166307EE}.Release|Win32.Build.0 = Release|Win32
		{ECAE6150-463F-450F-A6FE-26FEA019849C}.Debug|Win32.ActiveCfg = Debug|Win32
		{ECAE6150-463F-450F-A6FE-26FEA019849C}.Debug|Win32.Build.0 = Debug|Win32
		{ECAE6150-463F-450F-A6FE-26FEA019849C}.Release|Win32.ActiveCfg = Release|Win32
		{ECAE6150-463F-450F-A6FE-26FEA019849C}.Release|Win32.Build.0 = Release|Win32
		{AB8E2126-3E36-4BC4-BB2A-DAAC651125C3}.Debug|Win32.ActiveCfg = Debug|Win32
		{AB8E2126-3E36-4BC4-BB2A-DAAC651125C3}.Debug|Win32.Build.0 = Debug|Win32
		{AB8E2126-3E36-4BC4-BB2A-DAAC651125C3}.Release|Win32.ActiveCfg = Release|Win32
		{AB8E2126-3E36-4BC4-BB2A-DAAC651125C3}.Release|Win32.Build.0 = Release|Win32
		{DBC656AE-91C6-460E-9C95-9FC8F0035272}.Debug|Win32.ActiveCfg = Debug|Win32
		{DBC656AE-91C6-460E-9C95-9FC8F0035272}.Debug|Win32.Build.0 = Debug|Win32
		{DBC656AE-91C6-460E-9C95-9FC8F0035272}.Release|Win32.ActiveCfg = Release|Win32
		{DBC656AE-91C6-460E-9C95-9FC8F0035272}.Release|Win32.Build.0 = Release|Win32
		{5126B7E4-9B34-4E77-8071-88247A4A2400}.Debug|Win32.ActiveCfg = Debug|Win32
		{5126B7E4-9B34-4E77-8071-88247A4A2400}.Debug|Win32.Build.0 = Debug|Win32
		{5126B7E4-9B34-4E77-8071-88247A4A2400}.Release|Win32.ActiveCfg = Release|Win32
		{5126B7E4-9B34-4E77-8071-88247A4A2400}.Release|Win32.Build.0 = Release|Win32
		{3FCE3E61-895F-4E96-8B71-9FF3A011E25E}.Debug|Win32.ActiveCfg = Debug|Win32
		{3FCE3E61-895F-4E96-8B71-9FF3A011E25E}.Debug|Win32.Build.0 = Debug|Win32
		{3FCE3E61-895F-4E96-8B71-9FF3A011E25E}.Release|Win32.ActiveCfg = Release|Win32
		{3FCE3E61-895F-4E96-8B71-9FF3A011E25E}.Release|Win32.Build.0 = Release|Win32
		{31F8F96D-D177-4A67-93EB-576A675AAC19}.Debug|Win32.ActiveCfg = Debug|Win32
		{31F8F96D-D177-4A67-93EB-576A675AAC19}.Debug|Win32.Build.0 = Debug|Win32
		{31F8F96D-D177-4A67-93EB-576A675AAC19}.Release|Win32.ActiveCfg = Release|Win32
		{31F8F96D-D177-4A67-93EB-576A675AAC19}.Release|Win32.Build.0 = Release|Win32
		{4AA105BF-88E6-46BD-BD20-AD51A8CD5A89}.Debug|Win32.ActiveCfg = Debug|Win32
		{4AA105BF-88E6-46BD-BD20-AD51A8CD5A89}.Debug|Win32.Build.0 = Debug|Win32
		{4AA105BF-88E6-46BD-BD20-AD51A8CD5A89}.Release|Win32.ActiveCfg = Release|Win32
		{4AA105BF-88E6-46BD-BD20-AD51A8CD5A89}.Release|Win32.Build.0 = Release|Win32
		{A89DD91A-01C5-4C50-A645-A33F6A7D6B3C}.Debug|Win32.ActiveCfg = Debug|Win32
		{A89DD91A-01C5-4C50-A645-A33F6A7D6B3C}.Debug|Win32.Build.0 = Debug|Win32
		{A89DD91A-01C5-4C50-A645-A33F6A7D6B3C}.Release|Win32.ActiveCfg = Release|Win32
		{A89DD91A-01C5-4C50-A645-A33F6A7D6B3C}.Release|Win32.Build.0 = Release|Win32
		{EF766EBC-7A3C-424E-9F89-0A046F6992D4}.Debug|Win32.ActiveCfg = Debug|Win32
		{EF766EBC-7A3C-424E-9F89-0A046F6992D4}.Release|Win32.ActiveCfg = Release|Win32
		{3866FC3B-7DD6-4771-9508-074A1B55BCB1}.Debug|Win32.ActiveCfg = Debug|Win32
		{3866FC3B-7DD6-4771-9508-074A1B55BCB1}.Debug|Win32.Build.0 = Debug|Win32
		{3866FC3B-7DD6-4771-9508-074A1B55BCB1}.Release|Win32.ActiveCfg = Release|Win32
		{3866FC3B-7DD6-4771-9508-074A1B55BCB1}.Release|Win32.Build.0 = Release|Win32
		{4EAE0E16-B194-471E-AB0F-D7CAAEA0E27D}.Debug|Win32.ActiveCfg = Debug|Win32
		{4EAE0E16-B194-471E-AB0F-D7CAAEA0E27D}.Debug|Win32.Build.0 = Debug|Win32
		{4EAE0E16-B194-471E-AB0F-D7CAAEA0E27D}.Release|Win32.ActiveCfg = Release|Win32
		{4EAE0E16-B194-471E-AB0F-D7CAAEA0E27D}.Release|Win32.Build.0 = Release|Win32
		{0E79B540-4B17-4236-98BB-14BC5A07D4E0}.Debug|Win32.ActiveCfg = Debug|Win32
		{0E79B540-4B17-4236-98BB-14BC5A07D4E0}.Debug|Win32.Build.0 = Debug|Win32
		{0E79B540-4B17-4236-98BB-14BC5A07D4E0}.Release|Win32.ActiveCfg = Release|Win32
		{0E79B540-4B17-4236-98BB-14BC5A07D4E0}.Release|Win32.Build.0 = Release|Win32
		{E6ED27E0-D2F8-414E-BA61-3903679EDB71}.Debug|Win32.ActiveCfg = Debug|Win32
		{E6ED27E0-D2F8-414E-BA61-3903679EDB71}.Release|Win32.ActiveCfg = Release|Win32
		{A8983805-7A74-4E9D-897E-27BCC20FBA4F}.Debug|Win32.ActiveCfg = Debug|Win32
		{A8983805-7A74-4E9D-897E-27BCC20FBA4F}.Debug|Win32.Build.0 = Debug|Win32
		{A8983805-7A74-4E9D-897E-27BCC20FBA4F}.Release|Win32.ActiveCfg = Release|Win32
		{A8983805-7A74-4E9D-897E-27BCC20FBA4F}.Release|Win32.Build.0 = Release|Win32
		{AF7644BF-4E87-45E8-9DC1-CECA25D2C6D0}.Debug|Win32.ActiveCfg = Debug|Win32
		{AF7644BF-4E87-45E8-9DC1-CECA25D2C6D0}.Release|Win32.ActiveCfg = Release|Win32
		{C6FF3076-DE98-43DF-94BD-E0226CA21AA1}.Debug|Win32.ActiveCfg = Debug|Win32
		{C6FF3076-DE98-43DF-94BD-E0226CA21AA1}.Debug|Win32.Build.0 = Debug|Win32
		{C6FF3076-DE98-43DF-94BD-E0226CA21AA1}.Release|Win32.ActiveCfg = Release|Win32
		{C6FF3076-DE98-43DF-94BD-E0226CA21AA1}.Release|Win32.Build.0 = Release|Win32
		{FE835AF1-9DE3-4C54-8F3B-34052C0182F0}.Debug|Win32.ActiveCfg = Debug|Win32
		{FE835AF1-9DE3-4C54-8F3B-34052C0182F0}.Release|Win32.ActiveCfg = Release|Win32
		{DEC62136-129D-42FA-940E-54CC438C0FB5}.Debug|Win32.ActiveCfg = Debug|Win32
		{DEC62136-129D-42FA-940E-54CC438C0FB5}.Release|Win32.ActiveCfg = Release|Win32
		{51EAE3D2-24D5-46D6-8A61-D62D25859CDA}.Debug|Win32.ActiveCfg = Debug|Win32
		{51EAE3D2-24D5-46D6-8A61-D62D25859CDA}.Debug|Win32.Build.0 = Debug|Win32
		{51EAE3D2-24D5-46D6-8A61-D62D25859CDA}.Release|Win32.ActiveCfg = Release|Win32
		{51EAE3D2-24D5-46D6-8A61-D62D25859CDA}.Release|Win32.Build.0 = Release|Win32
	EndGlobalSection
	GlobalSection(NestedProjects) = preSolution
		{6EF742F2-F632-432F-A551-F699E7694208} = {A3C48F2E-5359-419D-B286-78FA7F64A451}
		{D70DD6E3-0E06-488F-BBC1-C2D70B093AB1} = {A3C48F2E-5359-419D-B286-78FA7F64A451}
		{CCF12506-8AA3-408F-BA73-0B04AC2C865D} = {A3C48F2E-5359-419D-B286-78FA7F64A451}
		{7C103A77-A986-4A8E-B424-9E136C2F9CE2} = {A3C48F2E-5359-419D-B286-78FA7F64A451}
		{760C9B0F-E137-4360-B8DE-E3F959FE7074} = {A3C48F2E-5359-419D-B286-78FA7F64A451}
		{DF91D60E-2740-4269-8A4E-F3E612B98FC3} = {A3C48F2E-5359-419D-B286-78FA7F64A451}
		{51EAE3D2-24D5-46D6-8A61-D62D25859CDA} = {A3C48F2E-5359-419D-B286-78FA7F64A451}
		{66ADE48B-1AA9-4278-B738-AC7050EC33F2} = {FDFAF763-6B36-4E38-BCEA-FF4401E04937}
		{C30387F6-0931-491D-A49F-67090DC05387} = {FDFAF763-6B36-4E38-BCEA-FF4401E04937}
		{5AEF8B4A-0B37-4601-94A5-C7DCA714B69B} = {FDFAF763-6B36-4E38-BCEA-FF4401E04937}
		{DEC62136-129D-42FA-940E-54CC438C0FB5} = {FDFAF763-6B36-4E38-BCEA-FF4401E04937}
		{C8159276-AECA-4205-A53A-025E2883255E} = {D08BD2DB-A5B9-470A-852F-1539709493A9}
		{AE06419A-84CA-4BAE-B433-BA0A0F1A554A} = {D08BD2DB-A5B9-470A-852F-1539709493A9}
		{3866FC3B-7DD6-4771-9508-074A1B55BCB1} = {D08BD2DB-A5B9-470A-852F-1539709493A9}
		{D5C55C53-E62C-494B-884F-CC81A0242F3B} = {D2ACB411-B7FC-4B47-8859-1A052C0C9A11}
		{12A50052-86AC-4483-9CBB-8539ED530871} = {D2ACB411-B7FC-4B47-8859-1A052C0C9A11}
		{EF766EBC-7A3C-424E-9F89-0A046F6992D4} = {D2ACB411-B7FC-4B47-8859-1A052C0C9A11}
		{10CE522F-B672-446B-8E2F-9571A7DE87E7} = {24CFD138-7C73-421D-9228-1BDDD270BC5D}
		{49434DB1-FB22-4B14-AA45-7712AA88C4CB} = {24CFD138-7C73-421D-9228-1BDDD270BC5D}
		{2E2F83F2-4E1F-44D3-846C-DB333128A444} = {24CFD138-7C73-421D-9228-1BDDD270BC5D}
		{A61318E0-9CEA-4EBE-93FF-F147885AEA50} = {24CFD138-7C73-421D-9228-1BDDD270BC5D}
		{6117C562-4DDE-4608-81D1-23412B8B56DF} = {24CFD138-7C73-421D-9228-1BDDD270BC5D}
		{016B534A-7575-437E-A1AA-420A8FDEBBE3} = {24CFD138-7C73-421D-9228-1BDDD270BC5D}
		{39AF6707-B052-495F-B7A1-D0974FD4B07D} = {24CFD138-7C73-421D-9228-1BDDD270BC5D}
		{088AE20C-ED0A-48B8-B843-417AAF0A880A} = {24CFD138-7C73-421D-9228-1BDDD270BC5D}
		{85D9F5E6-0AC8-4780-B23A-8DE6DC557732} = {24CFD138-7C73-421D-9228-1BDDD270BC5D}
		{F4EEB147-FD7A-457E-9391-9C6DD745DB72} = {24CFD138-7C73-421D-9228-1BDDD270BC5D}
		{3F4E64C0-C9F7-4CA1-8D45-934F4262CA11} = {24CFD138-7C73-421D-9228-1BDDD270BC5D}
		{9C70AF9F-54B7-4C8A-99E2-39F2A4455775} = {24CFD138-7C73-421D-9228-1BDDD270BC5D}
		{3ABBF52F-F5D9-4546-833A-1F7BD06FCB11} = {24CFD138-7C73-421D-9228-1BDDD270BC5D}
		{605ED2ED-6496-4755-BD88-B1E62C138995} = {24CFD138-7C73-421D-9228-1BDDD270BC5D}
		{4EAE0E16-B194-471E-AB0F-D7CAAEA0E27D} = {24CFD138-7C73-421D-9228-1BDDD270BC5D}
		{0E79B540-4B17-4236-98BB-14BC5A07D4E0} = {24CFD138-7C73-421D-9228-1BDDD270BC5D}
		{A8983805-7A74-4E9D-897E-27BCC20FBA4F} = {24CFD138-7C73-421D-9228-1BDDD270BC5D}
		{C6FF3076-DE98-43DF-94BD-E0226CA21AA1} = {24CFD138-7C73-421D-9228-1BDDD270BC5D}
		{13A82383-3C94-4498-B199-D60EE4F75391} = {CD75BFEA-38C5-434C-BBD3-BDA479F67177}
		{912D5B39-01E0-4604-8AC8-9296532C2B55} = {CD75BFEA-38C5-434C-BBD3-BDA479F67177}
		{B5F064AB-4E99-4CBA-9F93-C4691977F812} = {CD75BFEA-38C5-434C-BBD3-BDA479F67177}
		{D983DF01-9453-4977-B087-1767FE638EE0} = {CD75BFEA-38C5-434C-BBD3-BDA479F67177}
		{60D4FCEB-8107-43DB-83AD-7CEE2400BF79} = {CD75BFEA-38C5-434C-BBD3-BDA479F67177}
		{A9B3BA56-EB50-4A50-AEC0-904A04BD3738} = {CD75BFEA-38C5-434C-BBD3-BDA479F67177}
		{CBBEB3EF-77F7-4AD4-8359-FAC38E6C517D} = {CD75BFEA-38C5-434C-BBD3-BDA479F67177}
		{FFEDA648-CFA5-4A6E-B8C9-92F0F776C834} = {CD75BFEA-38C5-434C-BBD3-BDA479F67177}
		{25DD600F-7CA7-4177-830D-3D00278E8838} = {CD75BFEA-38C5-434C-BBD3-BDA479F67177}
		{FD42D775-44F9-45A4-802A-001E27D70E25} = {CD75BFEA-38C5-434C-BBD3-BDA479F67177}
		{B0EE4DEE-9B54-4045-BE36-74D8753B99B7} = {CD75BFEA-38C5-434C-BBD3-BDA479F67177}
		{D3DE442E-6A19-4195-9B7B-4EE85BA080D8} = {CD75BFEA-38C5-434C-BBD3-BDA479F67177}
		{654A90D3-71B8-47A4-80F4-61ADC77200EA} = {CD75BFEA-38C5-434C-BBD3-BDA479F67177}
		{9130B347-4372-45B5-8C1A-C2E097ECA70F} = {CD75BFEA-38C5-434C-BBD3-BDA479F67177}
		{E6ED27E0-D2F8-414E-BA61-3903679EDB71} = {CD75BFEA-38C5-434C-BBD3-BDA479F67177}
		{AF7644BF-4E87-45E8-9DC1-CECA25D2C6D0} = {CD75BFEA-38C5-434C-BBD3-BDA479F67177}
		{FE835AF1-9DE3-4C54-8F3B-34052C0182F0} = {CD75BFEA-38C5-434C-BBD3-BDA479F67177}
		{3F211CBA-05D8-4F28-94F0-3840C23F443D} = {7F9C4E06-0881-4E2A-AA82-F4BA0CC69DAF}
		{A3781028-2D5E-456E-8DB8-A6CAADF7707D} = {7F9C4E06-0881-4E2A-AA82-F4BA0CC69DAF}
		{929F2B34-5B91-41EB-8406-5728F4C84C2B} = {7F9C4E06-0881-4E2A-AA82-F4BA0CC69DAF}
		{20A5A0F8-D29F-455F-B1F5-B6826ECF22B1} = {7F9C4E06-0881-4E2A-AA82-F4BA0CC69DAF}
		{3F8F9AE8-BA74-460C-AFE2-F170F10B21F2} = {7F9C4E06-0881-4E2A-AA82-F4BA0CC69DAF}
		{30F69955-0C97-4556-B462-1EED97645214} = {7F9C4E06-0881-4E2A-AA82-F4BA0CC69DAF}
		{6509CC4B-95CE-4E0F-88FA-02D6166307EE} = {7F9C4E06-0881-4E2A-AA82-F4BA0CC69DAF}
		{ECAE6150-463F-450F-A6FE-26FEA019849C} = {7F9C4E06-0881-4E2A-AA82-F4BA0CC69DAF}
		{AB8E2126-3E36-4BC4-BB2A-DAAC651125C3} = {7F9C4E06-0881-4E2A-AA82-F4BA0CC69DAF}
		{DBC656AE-91C6-460E-9C95-9FC8F0035272} = {7F9C4E06-0881-4E2A-AA82-F4BA0CC69DAF}
		{5126B7E4-9B34-4E77-8071-88247A4A2400} = {7F9C4E06-0881-4E2A-AA82-F4BA0CC69DAF}
		{3FCE3E61-895F-4E96-8B71-9FF3A011E25E} = {7F9C4E06-0881-4E2A-AA82-F4BA0CC69DAF}
		{31F8F96D-D177-4A67-93EB-576A675AAC19} = {7F9C4E06-0881-4E2A-AA82-F4BA0CC69DAF}
		{4AA105BF-88E6-46BD-BD20-AD51A8CD5A89} = {7F9C4E06-0881-4E2A-AA82-F4BA0CC69DAF}
		{A89DD91A-01C5-4C50-A645-A33F6A7D6B3C} = {7F9C4E06-0881-4E2A-AA82-F4BA0CC69DAF}
		{5108376A-F770-434E-9FCF-6896FD699006} = {1A80AB4E-5B81-4D1E-9EB0-DCB09FAE184B}
		{62A240C5-61FB-4D85-8550-0C59C379F291} = {1A80AB4E-5B81-4D1E-9EB0-DCB09FAE184B}
		{2BE835D6-9D49-4BEA-8DA9-9CC00D6D9986} = {1A80AB4E-5B81-4D1E-9EB0-DCB09FAE184B}
		{DBCEE0CF-C8C3-4E58-AB72-DA3530D89E3A} = {1A80AB4E-5B81-4D1E-9EB0-DCB09FAE184B}
		{51847D05-7E00-4C3D-9C8C-64C0DAEB67AB} = {1A80AB4E-5B81-4D1E-9EB0-DCB09FAE184B}
		{DB29B7F2-46B4-4BAB-9D7E-D08EF38A4B4E} = {1A80AB4E-5B81-4D1E-9EB0-DCB09FAE184B}
		{255EBE96-94A2-4C5E-B359-9708CE02B4B1} = {1A80AB4E-5B81-4D1E-9EB0-DCB09FAE184B}
		{5E5BABBF-C340-4087-9721-C2A4629B79F1} = {1A80AB4E-5B81-4D1E-9EB0-DCB09FAE184B}
		{E6FBAC46-6448-44A9-9E82-F401D0F66D37} = {1A80AB4E-5B81-4D1E-9EB0-DCB09FAE184B}
		{73081B2E-2FDD-46A0-B61D-0DAD54C886CF} = {1A80AB4E-5B81-4D1E-9EB0-DCB09FAE184B}
		{6E6601B1-0E1E-459F-8D07-EC0377AD3CB5} = {1A80AB4E-5B81-4D1E-9EB0-DCB09FAE184B}
	EndGlobalSection
	GlobalSection(ExtensibilityGlobals) = postSolution
	EndGlobalSection
	GlobalSection(ExtensibilityAddIns) = postSolution
	EndGlobalSection
EndGlobal
