Microsoft Visual Studio Solution File, Format Version 10.00
# Visual Studio 2008
Project("{8BC9CEB8-8B4A-11D0-8D11-00A0C91BC942}") = "ALL_BUILD", "ALL_BUILD.vcproj", "{20F691F8-C53F-47C0-8E54-BDFC7D83F5D1}"
	ProjectSection(ProjectDependencies) = postProject
		{39AF6707-B052-495F-B7A1-D0974FD4B07D} = {39AF6707-B052-495F-B7A1-D0974FD4B07D}
		{DBCEE0CF-C8C3-4E58-AB72-DA3530D89E3A} = {DBCEE0CF-C8C3-4E58-AB72-DA3530D89E3A}
		{30F69955-0C97-4556-B462-1EED97645214} = {30F69955-0C97-4556-B462-1EED97645214}
	EndProjectSection
EndProject
Project("{8BC9CEB8-8B4A-11D0-8D11-00A0C91BC942}") = "INSTALL", "INSTALL.vcproj", "{66ADE48B-1AA9-4278-B738-AC7050EC33F2}"
	ProjectSection(ProjectDependencies) = postProject
		{20F691F8-C53F-47C0-8E54-BDFC7D83F5D1} = {20F691F8-C53F-47C0-8E54-BDFC7D83F5D1}
	EndProjectSection
EndProject
Project("{8BC9CEB8-8B4A-11D0-8D11-00A0C91BC942}") = "IlmImf", "..\..\3rdparty\openexr\IlmImf.vcproj", "{6EF742F2-F632-432F-A551-F699E7694208}"
	ProjectSection(ProjectDependencies) = postProject
		{5AEF8B4A-0B37-4601-94A5-C7DCA714B69B} = {5AEF8B4A-0B37-4601-94A5-C7DCA714B69B}
		{51EAE3D2-24D5-46D6-8A61-D62D25859CDA} = {51EAE3D2-24D5-46D6-8A61-D62D25859CDA}
	EndProjectSection
EndProject
Project("{8BC9CEB8-8B4A-11D0-8D11-00A0C91BC942}") = "PACKAGE", "PACKAGE.vcproj", "{C30387F6-0931-491D-A49F-67090DC05387}"
	ProjectSection(ProjectDependencies) = postProject
		{20F691F8-C53F-47C0-8E54-BDFC7D83F5D1} = {20F691F8-C53F-47C0-8E54-BDFC7D83F5D1}
	EndProjectSection
EndProject
Project("{8BC9CEB8-8B4A-11D0-8D11-00A0C91BC942}") = "ZERO_CHECK", "..\..\\ZERO_CHECK.vcproj", "{5AEF8B4A-0B37-4601-94A5-C7DCA714B69B}"
	ProjectSection(ProjectDependencies) = postProject
	EndProjectSection
EndProject
Project("{8BC9CEB8-8B4A-11D0-8D11-00A0C91BC942}") = "libjasper", "..\..\3rdparty\libjasper\libjasper.vcproj", "{D70DD6E3-0E06-488F-BBC1-C2D70B093AB1}"
	ProjectSection(ProjectDependencies) = postProject
		{5AEF8B4A-0B37-4601-94A5-C7DCA714B69B} = {5AEF8B4A-0B37-4601-94A5-C7DCA714B69B}
	EndProjectSection
EndProject
Project("{8BC9CEB8-8B4A-11D0-8D11-00A0C91BC942}") = "libjpeg", "..\..\3rdparty\libjpeg\libjpeg.vcproj", "{CCF12506-8AA3-408F-BA73-0B04AC2C865D}"
	ProjectSection(ProjectDependencies) = postProject
		{5AEF8B4A-0B37-4601-94A5-C7DCA714B69B} = {5AEF8B4A-0B37-4601-94A5-C7DCA714B69B}
	EndProjectSection
EndProject
Project("{8BC9CEB8-8B4A-11D0-8D11-00A0C91BC942}") = "libpng", "..\..\3rdparty\libpng\libpng.vcproj", "{7C103A77-A986-4A8E-B424-9E136C2F9CE2}"
	ProjectSection(ProjectDependencies) = postProject
		{5AEF8B4A-0B37-4601-94A5-C7DCA714B69B} = {5AEF8B4A-0B37-4601-94A5-C7DCA714B69B}
		{51EAE3D2-24D5-46D6-8A61-D62D25859CDA} = {51EAE3D2-24D5-46D6-8A61-D62D25859CDA}
	EndProjectSection
EndProject
Project("{8BC9CEB8-8B4A-11D0-8D11-00A0C91BC942}") = "libtiff", "..\..\3rdparty\libtiff\libtiff.vcproj", "{760C9B0F-E137-4360-B8DE-E3F959FE7074}"
	ProjectSection(ProjectDependencies) = postProject
		{5AEF8B4A-0B37-4601-94A5-C7DCA714B69B} = {5AEF8B4A-0B37-4601-94A5-C7DCA714B69B}
		{51EAE3D2-24D5-46D6-8A61-D62D25859CDA} = {51EAE3D2-24D5-46D6-8A61-D62D25859CDA}
	EndProjectSection
EndProject
Project("{8BC9CEB8-8B4A-11D0-8D11-00A0C91BC942}") = "libwebp", "..\..\3rdparty\libwebp\libwebp.vcproj", "{DF91D60E-2740-4269-8A4E-F3E612B98FC3}"
	ProjectSection(ProjectDependencies) = postProject
		{5AEF8B4A-0B37-4601-94A5-C7DCA714B69B} = {5AEF8B4A-0B37-4601-94A5-C7DCA714B69B}
	EndProjectSection
EndProject
Project("{8BC9CEB8-8B4A-11D0-8D11-00A0C91BC942}") = "opencv_core", "..\core\opencv_core.vcproj", "{49434DB1-FB22-4B14-AA45-7712AA88C4CB}"
	ProjectSection(ProjectDependencies) = postProject
		{5AEF8B4A-0B37-4601-94A5-C7DCA714B69B} = {5AEF8B4A-0B37-4601-94A5-C7DCA714B69B}
		{6117C562-4DDE-4608-81D1-23412B8B56DF} = {6117C562-4DDE-4608-81D1-23412B8B56DF}
		{51EAE3D2-24D5-46D6-8A61-D62D25859CDA} = {51EAE3D2-24D5-46D6-8A61-D62D25859CDA}
	EndProjectSection
EndProject
Project("{8BC9CEB8-8B4A-11D0-8D11-00A0C91BC942}") = "opencv_hal", "..\hal\opencv_hal.vcproj", "{6117C562-4DDE-4608-81D1-23412B8B56DF}"
	ProjectSection(ProjectDependencies) = postProject
		{5AEF8B4A-0B37-4601-94A5-C7DCA714B69B} = {5AEF8B4A-0B37-4601-94A5-C7DCA714B69B}
	EndProjectSection
EndProject
Project("{8BC9CEB8-8B4A-11D0-8D11-00A0C91BC942}") = "opencv_highgui", "..\highgui\opencv_highgui.vcproj", "{016B534A-7575-437E-A1AA-420A8FDEBBE3}"
	ProjectSection(ProjectDependencies) = postProject
		{5AEF8B4A-0B37-4601-94A5-C7DCA714B69B} = {5AEF8B4A-0B37-4601-94A5-C7DCA714B69B}
		{49434DB1-FB22-4B14-AA45-7712AA88C4CB} = {49434DB1-FB22-4B14-AA45-7712AA88C4CB}
		{6117C562-4DDE-4608-81D1-23412B8B56DF} = {6117C562-4DDE-4608-81D1-23412B8B56DF}
		{39AF6707-B052-495F-B7A1-D0974FD4B07D} = {39AF6707-B052-495F-B7A1-D0974FD4B07D}
		{088AE20C-ED0A-48B8-B843-417AAF0A880A} = {088AE20C-ED0A-48B8-B843-417AAF0A880A}
		{A8983805-7A74-4E9D-897E-27BCC20FBA4F} = {A8983805-7A74-4E9D-897E-27BCC20FBA4F}
	EndProjectSection
EndProject
Project("{8BC9CEB8-8B4A-11D0-8D11-00A0C91BC942}") = "opencv_imgcodecs", "opencv_imgcodecs.vcproj", "{39AF6707-B052-495F-B7A1-D0974FD4B07D}"
	ProjectSection(ProjectDependencies) = postProject
		{6EF742F2-F632-432F-A551-F699E7694208} = {6EF742F2-F632-432F-A551-F699E7694208}
		{5AEF8B4A-0B37-4601-94A5-C7DCA714B69B} = {5AEF8B4A-0B37-4601-94A5-C7DCA714B69B}
		{D70DD6E3-0E06-488F-BBC1-C2D70B093AB1} = {D70DD6E3-0E06-488F-BBC1-C2D70B093AB1}
		{CCF12506-8AA3-408F-BA73-0B04AC2C865D} = {CCF12506-8AA3-408F-BA73-0B04AC2C865D}
		{7C103A77-A986-4A8E-B424-9E136C2F9CE2} = {7C103A77-A986-4A8E-B424-9E136C2F9CE2}
		{760C9B0F-E137-4360-B8DE-E3F959FE7074} = {760C9B0F-E137-4360-B8DE-E3F959FE7074}
		{DF91D60E-2740-4269-8A4E-F3E612B98FC3} = {DF91D60E-2740-4269-8A4E-F3E612B98FC3}
		{49434DB1-FB22-4B14-AA45-7712AA88C4CB} = {49434DB1-FB22-4B14-AA45-7712AA88C4CB}
		{6117C562-4DDE-4608-81D1-23412B8B56DF} = {6117C562-4DDE-4608-81D1-23412B8B56DF}
		{088AE20C-ED0A-48B8-B843-417AAF0A880A} = {088AE20C-ED0A-48B8-B843-417AAF0A880A}
		{51EAE3D2-24D5-46D6-8A61-D62D25859CDA} = {51EAE3D2-24D5-46D6-8A61-D62D25859CDA}
	EndProjectSection
EndProject
Project("{8BC9CEB8-8B4A-11D0-8D11-00A0C91BC942}") = "opencv_imgcodecs_object", "opencv_imgcodecs_object.vcproj", "{CBBEB3EF-77F7-4AD4-8359-FAC38E6C517D}"
	ProjectSection(ProjectDependencies) = postProject
		{5AEF8B4A-0B37-4601-94A5-C7DCA714B69B} = {5AEF8B4A-0B37-4601-94A5-C7DCA714B69B}
	EndProjectSection
EndProject
Project("{8BC9CEB8-8B4A-11D0-8D11-00A0C91BC942}") = "opencv_imgproc", "..\imgproc\opencv_imgproc.vcproj", "{088AE20C-ED0A-48B8-B843-417AAF0A880A}"
	ProjectSection(ProjectDependencies) = postProject
		{5AEF8B4A-0B37-4601-94A5-C7DCA714B69B} = {5AEF8B4A-0B37-4601-94A5-C7DCA714B69B}
		{49434DB1-FB22-4B14-AA45-7712AA88C4CB} = {49434DB1-FB22-4B14-AA45-7712AA88C4CB}
		{6117C562-4DDE-4608-81D1-23412B8B56DF} = {6117C562-4DDE-4608-81D1-23412B8B56DF}
	EndProjectSection
EndProject
Project("{8BC9CEB8-8B4A-11D0-8D11-00A0C91BC942}") = "opencv_perf_imgcodecs", "opencv_perf_imgcodecs.vcproj", "{DBCEE0CF-C8C3-4E58-AB72-DA3530D89E3A}"
	ProjectSection(ProjectDependencies) = postProject
		{5AEF8B4A-0B37-4601-94A5-C7DCA714B69B} = {5AEF8B4A-0B37-4601-94A5-C7DCA714B69B}
		{49434DB1-FB22-4B14-AA45-7712AA88C4CB} = {49434DB1-FB22-4B14-AA45-7712AA88C4CB}
		{6117C562-4DDE-4608-81D1-23412B8B56DF} = {6117C562-4DDE-4608-81D1-23412B8B56DF}
		{016B534A-7575-437E-A1AA-420A8FDEBBE3} = {016B534A-7575-437E-A1AA-420A8FDEBBE3}
		{39AF6707-B052-495F-B7A1-D0974FD4B07D} = {39AF6707-B052-495F-B7A1-D0974FD4B07D}
		{088AE20C-ED0A-48B8-B843-417AAF0A880A} = {088AE20C-ED0A-48B8-B843-417AAF0A880A}
		{4EAE0E16-B194-471E-AB0F-D7CAAEA0E27D} = {4EAE0E16-B194-471E-AB0F-D7CAAEA0E27D}
		{A8983805-7A74-4E9D-897E-27BCC20FBA4F} = {A8983805-7A74-4E9D-897E-27BCC20FBA4F}
	EndProjectSection
EndProject
Project("{8BC9CEB8-8B4A-11D0-8D11-00A0C91BC942}") = "opencv_test_imgcodecs", "opencv_test_imgcodecs.vcproj", "{30F69955-0C97-4556-B462-1EED97645214}"
	ProjectSection(ProjectDependencies) = postProject
		{5AEF8B4A-0B37-4601-94A5-C7DCA714B69B} = {5AEF8B4A-0B37-4601-94A5-C7DCA714B69B}
		{49434DB1-FB22-4B14-AA45-7712AA88C4CB} = {49434DB1-FB22-4B14-AA45-7712AA88C4CB}
		{6117C562-4DDE-4608-81D1-23412B8B56DF} = {6117C562-4DDE-4608-81D1-23412B8B56DF}
		{016B534A-7575-437E-A1AA-420A8FDEBBE3} = {016B534A-7575-437E-A1AA-420A8FDEBBE3}
		{39AF6707-B052-495F-B7A1-D0974FD4B07D} = {39AF6707-B052-495F-B7A1-D0974FD4B07D}
		{088AE20C-ED0A-48B8-B843-417AAF0A880A} = {088AE20C-ED0A-48B8-B843-417AAF0A880A}
		{4EAE0E16-B194-471E-AB0F-D7CAAEA0E27D} = {4EAE0E16-B194-471E-AB0F-D7CAAEA0E27D}
		{A8983805-7A74-4E9D-897E-27BCC20FBA4F} = {A8983805-7A74-4E9D-897E-27BCC20FBA4F}
	EndProjectSection
EndProject
Project("{8BC9CEB8-8B4A-11D0-8D11-00A0C91BC942}") = "opencv_ts", "..\ts\opencv_ts.vcproj", "{4EAE0E16-B194-471E-AB0F-D7CAAEA0E27D}"
	ProjectSection(ProjectDependencies) = postProject
		{5AEF8B4A-0B37-4601-94A5-C7DCA714B69B} = {5AEF8B4A-0B37-4601-94A5-C7DCA714B69B}
		{49434DB1-FB22-4B14-AA45-7712AA88C4CB} = {49434DB1-FB22-4B14-AA45-7712AA88C4CB}
		{6117C562-4DDE-4608-81D1-23412B8B56DF} = {6117C562-4DDE-4608-81D1-23412B8B56DF}
		{016B534A-7575-437E-A1AA-420A8FDEBBE3} = {016B534A-7575-437E-A1AA-420A8FDEBBE3}
		{39AF6707-B052-495F-B7A1-D0974FD4B07D} = {39AF6707-B052-495F-B7A1-D0974FD4B07D}
		{088AE20C-ED0A-48B8-B843-417AAF0A880A} = {088AE20C-ED0A-48B8-B843-417AAF0A880A}
		{A8983805-7A74-4E9D-897E-27BCC20FBA4F} = {A8983805-7A74-4E9D-897E-27BCC20FBA4F}
	EndProjectSection
EndProject
Project("{8BC9CEB8-8B4A-11D0-8D11-00A0C91BC942}") = "opencv_videoio", "..\videoio\opencv_videoio.vcproj", "{A8983805-7A74-4E9D-897E-27BCC20FBA4F}"
	ProjectSection(ProjectDependencies) = postProject
		{5AEF8B4A-0B37-4601-94A5-C7DCA714B69B} = {5AEF8B4A-0B37-4601-94A5-C7DCA714B69B}
		{49434DB1-FB22-4B14-AA45-7712AA88C4CB} = {49434DB1-FB22-4B14-AA45-7712AA88C4CB}
		{6117C562-4DDE-4608-81D1-23412B8B56DF} = {6117C562-4DDE-4608-81D1-23412B8B56DF}
		{39AF6707-B052-495F-B7A1-D0974FD4B07D} = {39AF6707-B052-495F-B7A1-D0974FD4B07D}
		{088AE20C-ED0A-48B8-B843-417AAF0A880A} = {088AE20C-ED0A-48B8-B843-417AAF0A880A}
	EndProjectSection
EndProject
Project("{8BC9CEB8-8B4A-11D0-8D11-00A0C91BC942}") = "zlib", "..\..\3rdparty\zlib\zlib.vcproj", "{51EAE3D2-24D5-46D6-8A61-D62D25859CDA}"
	ProjectSection(ProjectDependencies) = postProject
		{5AEF8B4A-0B37-4601-94A5-C7DCA714B69B} = {5AEF8B4A-0B37-4601-94A5-C7DCA714B69B}
	EndProjectSection
EndProject
Project("{2150E333-8FDC-42A3-9474-1A3956D46DE8}") = "3rdparty", "3rdparty", "{A3C48F2E-5359-419D-B286-78FA7F64A451}"
EndProject
Project("{2150E333-8FDC-42A3-9474-1A3956D46DE8}") = "CMakeTargets", "CMakeTargets", "{FDFAF763-6B36-4E38-BCEA-FF4401E04937}"
EndProject
Project("{2150E333-8FDC-42A3-9474-1A3956D46DE8}") = "modules", "modules", "{24CFD138-7C73-421D-9228-1BDDD270BC5D}"
EndProject
Project("{2150E333-8FDC-42A3-9474-1A3956D46DE8}") = "object_libraries", "object_libraries", "{CD75BFEA-38C5-434C-BBD3-BDA479F67177}"
EndProject
Project("{2150E333-8FDC-42A3-9474-1A3956D46DE8}") = "tests accuracy", "tests accuracy", "{7F9C4E06-0881-4E2A-AA82-F4BA0CC69DAF}"
EndProject
Project("{2150E333-8FDC-42A3-9474-1A3956D46DE8}") = "tests performance", "tests performance", "{1A80AB4E-5B81-4D1E-9EB0-DCB09FAE184B}"
EndProject
Global
	GlobalSection(SolutionConfigurationPlatforms) = preSolution
		Debug|Win32 = Debug|Win32
		Release|Win32 = Release|Win32
	EndGlobalSection
	GlobalSection(ProjectConfigurationPlatforms) = postSolution
		{20F691F8-C53F-47C0-8E54-BDFC7D83F5D1}.Debug|Win32.ActiveCfg = Debug|Win32
		{20F691F8-C53F-47C0-8E54-BDFC7D83F5D1}.Debug|Win32.Build.0 = Debug|Win32
		{20F691F8-C53F-47C0-8E54-BDFC7D83F5D1}.Release|Win32.ActiveCfg = Release|Win32
		{20F691F8-C53F-47C0-8E54-BDFC7D83F5D1}.Release|Win32.Build.0 = Release|Win32
		{66ADE48B-1AA9-4278-B738-AC7050EC33F2}.Debug|Win32.ActiveCfg = Debug|Win32
		{66ADE48B-1AA9-4278-B738-AC7050EC33F2}.Release|Win32.ActiveCfg = Release|Win32
		{6EF742F2-F632-432F-A551-F699E7694208}.Debug|Win32.ActiveCfg = Debug|Win32
		{6EF742F2-F632-432F-A551-F699E7694208}.Debug|Win32.Build.0 = Debug|Win32
		{6EF742F2-F632-432F-A551-F699E7694208}.Release|Win32.ActiveCfg = Release|Win32
		{6EF742F2-F632-432F-A551-F699E7694208}.Release|Win32.Build.0 = Release|Win32
		{C30387F6-0931-491D-A49F-67090DC05387}.Debug|Win32.ActiveCfg = Debug|Win32
		{C30387F6-0931-491D-A49F-67090DC05387}.Release|Win32.ActiveCfg = Release|Win32
		{5AEF8B4A-0B37-4601-94A5-C7DCA714B69B}.Debug|Win32.ActiveCfg = Debug|Win32
		{5AEF8B4A-0B37-4601-94A5-C7DCA714B69B}.Debug|Win32.Build.0 = Debug|Win32
		{5AEF8B4A-0B37-4601-94A5-C7DCA714B69B}.Release|Win32.ActiveCfg = Release|Win32
		{5AEF8B4A-0B37-4601-94A5-C7DCA714B69B}.Release|Win32.Build.0 = Release|Win32
		{D70DD6E3-0E06-488F-BBC1-C2D70B093AB1}.Debug|Win32.ActiveCfg = Debug|Win32
		{D70DD6E3-0E06-488F-BBC1-C2D70B093AB1}.Debug|Win32.Build.0 = Debug|Win32
		{D70DD6E3-0E06-488F-BBC1-C2D70B093AB1}.Release|Win32.ActiveCfg = Release|Win32
		{D70DD6E3-0E06-488F-BBC1-C2D70B093AB1}.Release|Win32.Build.0 = Release|Win32
		{CCF12506-8AA3-408F-BA73-0B04AC2C865D}.Debug|Win32.ActiveCfg = Debug|Win32
		{CCF12506-8AA3-408F-BA73-0B04AC2C865D}.Debug|Win32.Build.0 = Debug|Win32
		{CCF12506-8AA3-408F-BA73-0B04AC2C865D}.Release|Win32.ActiveCfg = Release|Win32
		{CCF12506-8AA3-408F-BA73-0B04AC2C865D}.Release|Win32.Build.0 = Release|Win32
		{7C103A77-A986-4A8E-B424-9E136C2F9CE2}.Debug|Win32.ActiveCfg = Debug|Win32
		{7C103A77-A986-4A8E-B424-9E136C2F9CE2}.Debug|Win32.Build.0 = Debug|Win32
		{7C103A77-A986-4A8E-B424-9E136C2F9CE2}.Release|Win32.ActiveCfg = Release|Win32
		{7C103A77-A986-4A8E-B424-9E136C2F9CE2}.Release|Win32.Build.0 = Release|Win32
		{760C9B0F-E137-4360-B8DE-E3F959FE7074}.Debug|Win32.ActiveCfg = Debug|Win32
		{760C9B0F-E137-4360-B8DE-E3F959FE7074}.Debug|Win32.Build.0 = Debug|Win32
		{760C9B0F-E137-4360-B8DE-E3F959FE7074}.Release|Win32.ActiveCfg = Release|Win32
		{760C9B0F-E137-4360-B8DE-E3F959FE7074}.Release|Win32.Build.0 = Release|Win32
		{DF91D60E-2740-4269-8A4E-F3E612B98FC3}.Debug|Win32.ActiveCfg = Debug|Win32
		{DF91D60E-2740-4269-8A4E-F3E612B98FC3}.Debug|Win32.Build.0 = Debug|Win32
		{DF91D60E-2740-4269-8A4E-F3E612B98FC3}.Release|Win32.ActiveCfg = Release|Win32
		{DF91D60E-2740-4269-8A4E-F3E612B98FC3}.Release|Win32.Build.0 = Release|Win32
		{49434DB1-FB22-4B14-AA45-7712AA88C4CB}.Debug|Win32.ActiveCfg = Debug|Win32
		{49434DB1-FB22-4B14-AA45-7712AA88C4CB}.Debug|Win32.Build.0 = Debug|Win32
		{49434DB1-FB22-4B14-AA45-7712AA88C4CB}.Release|Win32.ActiveCfg = Release|Win32
		{49434DB1-FB22-4B14-AA45-7712AA88C4CB}.Release|Win32.Build.0 = Release|Win32
		{6117C562-4DDE-4608-81D1-23412B8B56DF}.Debug|Win32.ActiveCfg = Debug|Win32
		{6117C562-4DDE-4608-81D1-23412B8B56DF}.Debug|Win32.Build.0 = Debug|Win32
		{6117C562-4DDE-4608-81D1-23412B8B56DF}.Release|Win32.ActiveCfg = Release|Win32
		{6117C562-4DDE-4608-81D1-23412B8B56DF}.Release|Win32.Build.0 = Release|Win32
		{016B534A-7575-437E-A1AA-420A8FDEBBE3}.Debug|Win32.ActiveCfg = Debug|Win32
		{016B534A-7575-437E-A1AA-420A8FDEBBE3}.Debug|Win32.Build.0 = Debug|Win32
		{016B534A-7575-437E-A1AA-420A8FDEBBE3}.Release|Win32.ActiveCfg = Release|Win32
		{016B534A-7575-437E-A1AA-420A8FDEBBE3}.Release|Win32.Build.0 = Release|Win32
		{39AF6707-B052-495F-B7A1-D0974FD4B07D}.Debug|Win32.ActiveCfg = Debug|Win32
		{39AF6707-B052-495F-B7A1-D0974FD4B07D}.Debug|Win32.Build.0 = Debug|Win32
		{39AF6707-B052-495F-B7A1-D0974FD4B07D}.Release|Win32.ActiveCfg = Release|Win32
		{39AF6707-B052-495F-B7A1-D0974FD4B07D}.Release|Win32.Build.0 = Release|Win32
		{CBBEB3EF-77F7-4AD4-8359-FAC38E6C517D}.Debug|Win32.ActiveCfg = Debug|Win32
		{CBBEB3EF-77F7-4AD4-8359-FAC38E6C517D}.Release|Win32.ActiveCfg = Release|Win32
		{088AE20C-ED0A-48B8-B843-417AAF0A880A}.Debug|Win32.ActiveCfg = Debug|Win32
		{088AE20C-ED0A-48B8-B843-417AAF0A880A}.Debug|Win32.Build.0 = Debug|Win32
		{088AE20C-ED0A-48B8-B843-417AAF0A880A}.Release|Win32.ActiveCfg = Release|Win32
		{088AE20C-ED0A-48B8-B843-417AAF0A880A}.Release|Win32.Build.0 = Release|Win32
		{DBCEE0CF-C8C3-4E58-AB72-DA3530D89E3A}.Debug|Win32.ActiveCfg = Debug|Win32
		{DBCEE0CF-C8C3-4E58-AB72-DA3530D89E3A}.Debug|Win32.Build.0 = Debug|Win32
		{DBCEE0CF-C8C3-4E58-AB72-DA3530D89E3A}.Release|Win32.ActiveCfg = Release|Win32
		{DBCEE0CF-C8C3-4E58-AB72-DA3530D89E3A}.Release|Win32.Build.0 = Release|Win32
		{30F69955-0C97-4556-B462-1EED97645214}.Debug|Win32.ActiveCfg = Debug|Win32
		{30F69955-0C97-4556-B462-1EED97645214}.Debug|Win32.Build.0 = Debug|Win32
		{30F69955-0C97-4556-B462-1EED97645214}.Release|Win32.ActiveCfg = Release|Win32
		{30F69955-0C97-4556-B462-1EED97645214}.Release|Win32.Build.0 = Release|Win32
		{4EAE0E16-B194-471E-AB0F-D7CAAEA0E27D}.Debug|Win32.ActiveCfg = Debug|Win32
		{4EAE0E16-B194-471E-AB0F-D7CAAEA0E27D}.Debug|Win32.Build.0 = Debug|Win32
		{4EAE0E16-B194-471E-AB0F-D7CAAEA0E27D}.Release|Win32.ActiveCfg = Release|Win32
		{4EAE0E16-B194-471E-AB0F-D7CAAEA0E27D}.Release|Win32.Build.0 = Release|Win32
		{A8983805-7A74-4E9D-897E-27BCC20FBA4F}.Debug|Win32.ActiveCfg = Debug|Win32
		{A8983805-7A74-4E9D-897E-27BCC20FBA4F}.Debug|Win32.Build.0 = Debug|Win32
		{A8983805-7A74-4E9D-897E-27BCC20FBA4F}.Release|Win32.ActiveCfg = Release|Win32
		{A8983805-7A74-4E9D-897E-27BCC20FBA4F}.Release|Win32.Build.0 = Release|Win32
		{51EAE3D2-24D5-46D6-8A61-D62D25859CDA}.Debug|Win32.ActiveCfg = Debug|Win32
		{51EAE3D2-24D5-46D6-8A61-D62D25859CDA}.Debug|Win32.Build.0 = Debug|Win32
		{51EAE3D2-24D5-46D6-8A61-D62D25859CDA}.Release|Win32.ActiveCfg = Release|Win32
		{51EAE3D2-24D5-46D6-8A61-D62D25859CDA}.Release|Win32.Build.0 = Release|Win32
	EndGlobalSection
	GlobalSection(NestedProjects) = preSolution
		{6EF742F2-F632-432F-A551-F699E7694208} = {A3C48F2E-5359-419D-B286-78FA7F64A451}
		{D70DD6E3-0E06-488F-BBC1-C2D70B093AB1} = {A3C48F2E-5359-419D-B286-78FA7F64A451}
		{CCF12506-8AA3-408F-BA73-0B04AC2C865D} = {A3C48F2E-5359-419D-B286-78FA7F64A451}
		{7C103A77-A986-4A8E-B424-9E136C2F9CE2} = {A3C48F2E-5359-419D-B286-78FA7F64A451}
		{760C9B0F-E137-4360-B8DE-E3F959FE7074} = {A3C48F2E-5359-419D-B286-78FA7F64A451}
		{DF91D60E-2740-4269-8A4E-F3E612B98FC3} = {A3C48F2E-5359-419D-B286-78FA7F64A451}
		{51EAE3D2-24D5-46D6-8A61-D62D25859CDA} = {A3C48F2E-5359-419D-B286-78FA7F64A451}
		{66ADE48B-1AA9-4278-B738-AC7050EC33F2} = {FDFAF763-6B36-4E38-BCEA-FF4401E04937}
		{C30387F6-0931-491D-A49F-67090DC05387} = {FDFAF763-6B36-4E38-BCEA-FF4401E04937}
		{5AEF8B4A-0B37-4601-94A5-C7DCA714B69B} = {FDFAF763-6B36-4E38-BCEA-FF4401E04937}
		{49434DB1-FB22-4B14-AA45-7712AA88C4CB} = {24CFD138-7C73-421D-9228-1BDDD270BC5D}
		{6117C562-4DDE-4608-81D1-23412B8B56DF} = {24CFD138-7C73-421D-9228-1BDDD270BC5D}
		{016B534A-7575-437E-A1AA-420A8FDEBBE3} = {24CFD138-7C73-421D-9228-1BDDD270BC5D}
		{39AF6707-B052-495F-B7A1-D0974FD4B07D} = {24CFD138-7C73-421D-9228-1BDDD270BC5D}
		{088AE20C-ED0A-48B8-B843-417AAF0A880A} = {24CFD138-7C73-421D-9228-1BDDD270BC5D}
		{4EAE0E16-B194-471E-AB0F-D7CAAEA0E27D} = {24CFD138-7C73-421D-9228-1BDDD270BC5D}
		{A8983805-7A74-4E9D-897E-27BCC20FBA4F} = {24CFD138-7C73-421D-9228-1BDDD270BC5D}
		{CBBEB3EF-77F7-4AD4-8359-FAC38E6C517D} = {CD75BFEA-38C5-434C-BBD3-BDA479F67177}
		{30F69955-0C97-4556-B462-1EED97645214} = {7F9C4E06-0881-4E2A-AA82-F4BA0CC69DAF}
		{DBCEE0CF-C8C3-4E58-AB72-DA3530D89E3A} = {1A80AB4E-5B81-4D1E-9EB0-DCB09FAE184B}
	EndGlobalSection
	GlobalSection(ExtensibilityGlobals) = postSolution
	EndGlobalSection
	GlobalSection(ExtensibilityAddIns) = postSolution
	EndGlobalSection
EndGlobal
