
Microsoft Visual Studio Solution File, Format Version 10.00
# Visual Studio 2008
Project("{8BC9CEB8-8B4A-11D0-8D11-00A0C91BC942}") = "star", "LuaStarLib2008.vcproj", "{A40486F8-380C-4C3F-BED3-E4B179E82733}"
EndProject
Global
	GlobalSection(SolutionConfigurationPlatforms) = preSolution
		Debug|Win32 = Debug|Win32
		Lib_Debug|Win32 = Lib_Debug|Win32
		Lib_Release|Win32 = Lib_Release|Win32
		Release|Win32 = Release|Win32
	EndGlobalSection
	GlobalSection(ProjectConfigurationPlatforms) = postSolution
		{A40486F8-380C-4C3F-BED3-E4B179E82733}.Debug|Win32.ActiveCfg = Debug|Win32
		{A40486F8-380C-4C3F-BED3-E4B179E82733}.Debug|Win32.Build.0 = Debug|Win32
		{A40486F8-380C-4C3F-BED3-E4B179E82733}.Lib_Debug|Win32.ActiveCfg = Lib_Debug|Win32
		{A40486F8-380C-4C3F-BED3-E4B179E82733}.Lib_Debug|Win32.Build.0 = Lib_Debug|Win32
		{A40486F8-380C-4C3F-BED3-E4B179E82733}.Lib_Release|Win32.ActiveCfg = Lib_Release|Win32
		{A40486F8-380C-4C3F-BED3-E4B179E82733}.Lib_Release|Win32.Build.0 = Lib_Release|Win32
		{A40486F8-380C-4C3F-BED3-E4B179E82733}.Release|Win32.ActiveCfg = Release|Win32
		{A40486F8-380C-4C3F-BED3-E4B179E82733}.Release|Win32.Build.0 = Release|Win32
	EndGlobalSection
	GlobalSection(SolutionProperties) = preSolution
		HideSolutionNode = FALSE
	EndGlobalSection
EndGlobal
