
Microsoft Visual Studio Solution File, Format Version 11.00
# Visual Studio 2010
Project("{8BC9CEB8-8B4A-11D0-8D11-00A0C91BC942}") = "jsoncpplib", "jsoncpplib.vcxproj", "{3990AB08-5C79-42A4-8760-97F787F691D8}"
EndProject
Global
	GlobalSection(SolutionConfigurationPlatforms) = preSolution
		Debug|Win32 = Debug|Win32
		Release|Win32 = Release|Win32
	EndGlobalSection
	GlobalSection(ProjectConfigurationPlatforms) = postSolution
		{3990AB08-5C79-42A4-8760-97F787F691D8}.Debug|Win32.ActiveCfg = Debug|Win32
		{3990AB08-5C79-42A4-8760-97F787F691D8}.Debug|Win32.Build.0 = Debug|Win32
		{3990AB08-5C79-42A4-8760-97F787F691D8}.Release|Win32.ActiveCfg = Release|Win32
		{3990AB08-5C79-42A4-8760-97F787F691D8}.Release|Win32.Build.0 = Release|Win32
	EndGlobalSection
	GlobalSection(SolutionProperties) = preSolution
		HideSolutionNode = FALSE
	EndGlobalSection
EndGlobal
